// !$*UTF8*$!
{
	archiveVersion = 1;
	classes = {
	};
	objectVersion = 46;
	objects = {

/* Begin PBXBuildFile section */
		00C302E51ABCBA2D00DB3ED1 /* libRCTActionSheet.a in Frameworks */ = {isa = PBXBuildFile; fileRef = 00C302AC1ABCB8CE00DB3ED1 /* libRCTActionSheet.a */; };
		00C302E71ABCBA2D00DB3ED1 /* libRCTGeolocation.a in Frameworks */ = {isa = PBXBuildFile; fileRef = 00C302BA1ABCB90400DB3ED1 /* libRCTGeolocation.a */; };
		00C302E81ABCBA2D00DB3ED1 /* libRCTImage.a in Frameworks */ = {isa = PBXBuildFile; fileRef = 00C302C01ABCB91800DB3ED1 /* libRCTImage.a */; };
		00C302E91ABCBA2D00DB3ED1 /* libRCTNetwork.a in Frameworks */ = {isa = PBXBuildFile; fileRef = 00C302DC1ABCB9D200DB3ED1 /* libRCTNetwork.a */; };
		00C302EA1ABCBA2D00DB3ED1 /* libRCTVibration.a in Frameworks */ = {isa = PBXBuildFile; fileRef = 00C302E41ABCB9EE00DB3ED1 /* libRCTVibration.a */; };
		00E356F31AD99517003FC87E /* stravelsTests.m in Sources */ = {isa = PBXBuildFile; fileRef = 00E356F21AD99517003FC87E /* stravelsTests.m */; };
		0F32A82EDF1F4031ACE7654C /* Zocial.ttf in Resources */ = {isa = PBXBuildFile; fileRef = B3E040AB8C134F948D54A76B /* Zocial.ttf */; };
		133E29F31AD74F7200F7D852 /* libRCTLinking.a in Frameworks */ = {isa = PBXBuildFile; fileRef = 78C398B91ACF4ADC00677621 /* libRCTLinking.a */; };
		139105C61AF99C1200B5F7CC /* libRCTSettings.a in Frameworks */ = {isa = PBXBuildFile; fileRef = 139105C11AF99BAD00B5F7CC /* libRCTSettings.a */; };
		139FDEF61B0652A700C62182 /* libRCTWebSocket.a in Frameworks */ = {isa = PBXBuildFile; fileRef = 139FDEF41B06529B00C62182 /* libRCTWebSocket.a */; };
		13B07FBC1A68108700A75B9A /* AppDelegate.m in Sources */ = {isa = PBXBuildFile; fileRef = 13B07FB01A68108700A75B9A /* AppDelegate.m */; };
		13B07FBF1A68108700A75B9A /* Images.xcassets in Resources */ = {isa = PBXBuildFile; fileRef = 13B07FB51A68108700A75B9A /* Images.xcassets */; };
		13B07FC11A68108700A75B9A /* main.m in Sources */ = {isa = PBXBuildFile; fileRef = 13B07FB71A68108700A75B9A /* main.m */; };
		140ED2AC1D01E1AD002B40FF /* libReact.a in Frameworks */ = {isa = PBXBuildFile; fileRef = 146834041AC3E56700842450 /* libReact.a */; };
		1431BDB103A54EDAA96D6D15 /* Ionicons.ttf in Resources */ = {isa = PBXBuildFile; fileRef = 53963307298B4DD790BB4EBA /* Ionicons.ttf */; };
		146834051AC3E58100842450 /* libReact.a in Frameworks */ = {isa = PBXBuildFile; fileRef = 146834041AC3E56700842450 /* libReact.a */; };
		2D02E4BC1E0B4A80006451C7 /* AppDelegate.m in Sources */ = {isa = PBXBuildFile; fileRef = 13B07FB01A68108700A75B9A /* AppDelegate.m */; };
		2D02E4BD1E0B4A84006451C7 /* Images.xcassets in Resources */ = {isa = PBXBuildFile; fileRef = 13B07FB51A68108700A75B9A /* Images.xcassets */; };
		2D02E4BF1E0B4AB3006451C7 /* main.m in Sources */ = {isa = PBXBuildFile; fileRef = 13B07FB71A68108700A75B9A /* main.m */; };
		2D02E4C21E0B4AEC006451C7 /* libRCTAnimation.a in Frameworks */ = {isa = PBXBuildFile; fileRef = 5E9157351DD0AC6500FF2AA8 /* libRCTAnimation.a */; };
		2D02E4C31E0B4AEC006451C7 /* libRCTImage-tvOS.a in Frameworks */ = {isa = PBXBuildFile; fileRef = 3DAD3E841DF850E9000B6D8A /* libRCTImage-tvOS.a */; };
		2D02E4C41E0B4AEC006451C7 /* libRCTLinking-tvOS.a in Frameworks */ = {isa = PBXBuildFile; fileRef = 3DAD3E881DF850E9000B6D8A /* libRCTLinking-tvOS.a */; };
		2D02E4C51E0B4AEC006451C7 /* libRCTNetwork-tvOS.a in Frameworks */ = {isa = PBXBuildFile; fileRef = 3DAD3E8C1DF850E9000B6D8A /* libRCTNetwork-tvOS.a */; };
		2D02E4C61E0B4AEC006451C7 /* libRCTSettings-tvOS.a in Frameworks */ = {isa = PBXBuildFile; fileRef = 3DAD3E901DF850E9000B6D8A /* libRCTSettings-tvOS.a */; };
		2D02E4C71E0B4AEC006451C7 /* libRCTText-tvOS.a in Frameworks */ = {isa = PBXBuildFile; fileRef = 3DAD3E941DF850E9000B6D8A /* libRCTText-tvOS.a */; };
		2D02E4C81E0B4AEC006451C7 /* libRCTWebSocket-tvOS.a in Frameworks */ = {isa = PBXBuildFile; fileRef = 3DAD3E991DF850E9000B6D8A /* libRCTWebSocket-tvOS.a */; };
		2D02E4C91E0B4AEC006451C7 /* libReact.a in Frameworks */ = {isa = PBXBuildFile; fileRef = 3DAD3EA31DF850E9000B6D8A /* libReact.a */; };
		2DCD954D1E0B4F2C00145EB5 /* stravelsTests.m in Sources */ = {isa = PBXBuildFile; fileRef = 00E356F21AD99517003FC87E /* stravelsTests.m */; };
		3101B41F1F4860FB00D5B55F /* Mapbox.framework in Frameworks */ = {isa = PBXBuildFile; fileRef = 3101B41E1F4860FB00D5B55F /* Mapbox.framework */; };
		3101B4201F4860FB00D5B55F /* Mapbox.framework in Embed Frameworks */ = {isa = PBXBuildFile; fileRef = 3101B41E1F4860FB00D5B55F /* Mapbox.framework */; settings = {ATTRIBUTES = (CodeSignOnCopy, RemoveHeadersOnCopy, ); }; };
		369117BC928447D68137CEB4 /* FontAwesome.ttf in Resources */ = {isa = PBXBuildFile; fileRef = A640B72BDEC74A9E9455E902 /* FontAwesome.ttf */; };
		3B1759443D714D51AC2E9B6D /* Octicons.ttf in Resources */ = {isa = PBXBuildFile; fileRef = 60EFF614CEEA487E82F96FC9 /* Octicons.ttf */; };
		3FDE354119C446E08710EB26 /* libcxxreact.a in Frameworks */ = {isa = PBXBuildFile; fileRef = EA7646D4A5AE486AB3FAF5FE /* libcxxreact.a */; };
		41C97D71EC6D46538D1BE5B6 /* libRCTMapboxGL.a in Frameworks */ = {isa = PBXBuildFile; fileRef = 70DA6CA8541B49F5ABE7E913 /* libRCTMapboxGL.a */; };
		42752BB13A554629937C4431 /* libRNDeviceInfo.a in Frameworks */ = {isa = PBXBuildFile; fileRef = 40A023C877584F49B16F2373 /* libRNDeviceInfo.a */; };
		559F71D12D334152B0CD1B17 /* libReactNativeConfig.a in Frameworks */ = {isa = PBXBuildFile; fileRef = 00DEFB437C5441CF9E1F78D0 /* libReactNativeConfig.a */; };
		5E9157361DD0AC6A00FF2AA8 /* libRCTAnimation.a in Frameworks */ = {isa = PBXBuildFile; fileRef = 5E9157331DD0AC6500FF2AA8 /* libRCTAnimation.a */; };
		6238D4DA8E734B04B23CC09A /* Foundation.ttf in Resources */ = {isa = PBXBuildFile; fileRef = 04F23B5FCC2C4FA89DEBEC2C /* Foundation.ttf */; };
		6F92013B515A421CB0159FED /* libRNVectorIcons.a in Frameworks */ = {isa = PBXBuildFile; fileRef = D106857415DF462E86AA78BA /* libRNVectorIcons.a */; };
		832341BD1AAA6AB300B99B32 /* libRCTText.a in Frameworks */ = {isa = PBXBuildFile; fileRef = 832341B51AAA6A8300B99B32 /* libRCTText.a */; };
		8FC2E8F058584A3399B38507 /* Entypo.ttf in Resources */ = {isa = PBXBuildFile; fileRef = D8715C673A454F56B49FB974 /* Entypo.ttf */; };
		9EF53B1D900942D68F80CB65 /* libReact.a in Frameworks */ = {isa = PBXBuildFile; fileRef = A3FD437D39F44442845172CC /* libReact.a */; };
		A373FAC4DED24494B17FF3CC /* MaterialIcons.ttf in Resources */ = {isa = PBXBuildFile; fileRef = 353F15F25F704F8EA9DD4A7F /* MaterialIcons.ttf */; };
		A80F91DED40E4E60AE0E8500 /* SimpleLineIcons.ttf in Resources */ = {isa = PBXBuildFile; fileRef = 5CFC2454E55043FCBFD27462 /* SimpleLineIcons.ttf */; };
		BAEF55C9E8D64E6DB508B116 /* EvilIcons.ttf in Resources */ = {isa = PBXBuildFile; fileRef = 6ADDDA1039944CBF8FCAD348 /* EvilIcons.ttf */; };
		BBE362A56B2445B5BF15943C /* libyoga.a in Frameworks */ = {isa = PBXBuildFile; fileRef = 41374BFECE21478B8D96D04E /* libyoga.a */; };
		D3D35C903F94464DAA917A1D /* libjschelpers.a in Frameworks */ = {isa = PBXBuildFile; fileRef = 47C19419979C4494B2DA64EB /* libjschelpers.a */; };
		E49AD3E7220A4F529295C5A5 /* MaterialCommunityIcons.ttf in Resources */ = {isa = PBXBuildFile; fileRef = 907DB02F9FF24A0EB787B800 /* MaterialCommunityIcons.ttf */; };
/* End PBXBuildFile section */

/* Begin PBXContainerItemProxy section */
		00C302AB1ABCB8CE00DB3ED1 /* PBXContainerItemProxy */ = {
			isa = PBXContainerItemProxy;
			containerPortal = 00C302A71ABCB8CE00DB3ED1 /* RCTActionSheet.xcodeproj */;
			proxyType = 2;
			remoteGlobalIDString = 134814201AA4EA6300B7C361;
			remoteInfo = RCTActionSheet;
		};
		00C302B91ABCB90400DB3ED1 /* PBXContainerItemProxy */ = {
			isa = PBXContainerItemProxy;
			containerPortal = 00C302B51ABCB90400DB3ED1 /* RCTGeolocation.xcodeproj */;
			proxyType = 2;
			remoteGlobalIDString = 134814201AA4EA6300B7C361;
			remoteInfo = RCTGeolocation;
		};
		00C302BF1ABCB91800DB3ED1 /* PBXContainerItemProxy */ = {
			isa = PBXContainerItemProxy;
			containerPortal = 00C302BB1ABCB91800DB3ED1 /* RCTImage.xcodeproj */;
			proxyType = 2;
			remoteGlobalIDString = 58B5115D1A9E6B3D00147676;
			remoteInfo = RCTImage;
		};
		00C302DB1ABCB9D200DB3ED1 /* PBXContainerItemProxy */ = {
			isa = PBXContainerItemProxy;
			containerPortal = 00C302D31ABCB9D200DB3ED1 /* RCTNetwork.xcodeproj */;
			proxyType = 2;
			remoteGlobalIDString = 58B511DB1A9E6C8500147676;
			remoteInfo = RCTNetwork;
		};
		00C302E31ABCB9EE00DB3ED1 /* PBXContainerItemProxy */ = {
			isa = PBXContainerItemProxy;
			containerPortal = 00C302DF1ABCB9EE00DB3ED1 /* RCTVibration.xcodeproj */;
			proxyType = 2;
			remoteGlobalIDString = 832C81801AAF6DEF007FA2F7;
			remoteInfo = RCTVibration;
		};
		00E356F41AD99517003FC87E /* PBXContainerItemProxy */ = {
			isa = PBXContainerItemProxy;
			containerPortal = 83CBB9F71A601CBA00E9B192 /* Project object */;
			proxyType = 1;
			remoteGlobalIDString = 13B07F861A680F5B00A75B9A;
			remoteInfo = stravels;
		};
		139105C01AF99BAD00B5F7CC /* PBXContainerItemProxy */ = {
			isa = PBXContainerItemProxy;
			containerPortal = 139105B61AF99BAD00B5F7CC /* RCTSettings.xcodeproj */;
			proxyType = 2;
			remoteGlobalIDString = 134814201AA4EA6300B7C361;
			remoteInfo = RCTSettings;
		};
		139FDEF31B06529B00C62182 /* PBXContainerItemProxy */ = {
			isa = PBXContainerItemProxy;
			containerPortal = 139FDEE61B06529A00C62182 /* RCTWebSocket.xcodeproj */;
			proxyType = 2;
			remoteGlobalIDString = 3C86DF461ADF2C930047B81A;
			remoteInfo = RCTWebSocket;
		};
		146834031AC3E56700842450 /* PBXContainerItemProxy */ = {
			isa = PBXContainerItemProxy;
			containerPortal = 146833FF1AC3E56700842450 /* React.xcodeproj */;
			proxyType = 2;
			remoteGlobalIDString = 83CBBA2E1A601D0E00E9B192;
			remoteInfo = React;
		};
		2D02E4911E0B4A5D006451C7 /* PBXContainerItemProxy */ = {
			isa = PBXContainerItemProxy;
			containerPortal = 83CBB9F71A601CBA00E9B192 /* Project object */;
			proxyType = 1;
			remoteGlobalIDString = 2D02E47A1E0B4A5D006451C7;
			remoteInfo = "stravels-tvOS";
		};
		3101B4001F48608500D5B55F /* PBXContainerItemProxy */ = {
			isa = PBXContainerItemProxy;
			containerPortal = D229E8CAE9CE44EE9CCC458A /* RCTMapboxGL.xcodeproj */;
			proxyType = 2;
			remoteGlobalIDString = C5DBB3401AF2EF2B00E611A9;
			remoteInfo = RCTMapboxGL;
		};
		3101B4021F48608500D5B55F /* PBXContainerItemProxy */ = {
			isa = PBXContainerItemProxy;
			containerPortal = D229E8CAE9CE44EE9CCC458A /* RCTMapboxGL.xcodeproj */;
			proxyType = 2;
			remoteGlobalIDString = C5DBB34B1AF2EF2B00E611A9;
			remoteInfo = RCTMapboxGLTests;
		};
		315400AC1F455A9600A6D9FB /* PBXContainerItemProxy */ = {
			isa = PBXContainerItemProxy;
			containerPortal = 146833FF1AC3E56700842450 /* React.xcodeproj */;
			proxyType = 2;
			remoteGlobalIDString = 139D7ECE1E25DB7D00323FB7;
			remoteInfo = "third-party";
		};
		315400AE1F455A9600A6D9FB /* PBXContainerItemProxy */ = {
			isa = PBXContainerItemProxy;
			containerPortal = 146833FF1AC3E56700842450 /* React.xcodeproj */;
			proxyType = 2;
			remoteGlobalIDString = 3D383D3C1EBD27B6005632C8;
			remoteInfo = "third-party-tvOS";
		};
		315400B01F455A9600A6D9FB /* PBXContainerItemProxy */ = {
			isa = PBXContainerItemProxy;
			containerPortal = 146833FF1AC3E56700842450 /* React.xcodeproj */;
			proxyType = 2;
			remoteGlobalIDString = 139D7E881E25C6D100323FB7;
			remoteInfo = "double-conversion";
		};
		315400B21F455A9600A6D9FB /* PBXContainerItemProxy */ = {
			isa = PBXContainerItemProxy;
			containerPortal = 146833FF1AC3E56700842450 /* React.xcodeproj */;
			proxyType = 2;
			remoteGlobalIDString = 3D383D621EBD27B9005632C8;
			remoteInfo = "double-conversion-tvOS";
		};
		315400B51F455A9600A6D9FB /* PBXContainerItemProxy */ = {
			isa = PBXContainerItemProxy;
			containerPortal = 54D0420596FD449882C290E8 /* RNDeviceInfo.xcodeproj */;
			proxyType = 2;
			remoteGlobalIDString = DA5891D81BA9A9FC002B4DB2;
			remoteInfo = RNDeviceInfo;
		};
		315400B91F455A9600A6D9FB /* PBXContainerItemProxy */ = {
			isa = PBXContainerItemProxy;
			containerPortal = 086CA88146FE4CD18B9917B6 /* RNI18n.xcodeproj */;
			proxyType = 2;
			remoteGlobalIDString = CDD7BF781B2D5125006FDA75;
			remoteInfo = RNI18n;
		};
		315400BB1F455A9600A6D9FB /* PBXContainerItemProxy */ = {
			isa = PBXContainerItemProxy;
			containerPortal = 086CA88146FE4CD18B9917B6 /* RNI18n.xcodeproj */;
			proxyType = 2;
			remoteGlobalIDString = CDD7BF831B2D5126006FDA75;
			remoteInfo = RNI18nTests;
		};
		315400BE1F455A9600A6D9FB /* PBXContainerItemProxy */ = {
			isa = PBXContainerItemProxy;
			containerPortal = 00D4C5AF141E4F6C9428A06B /* RNVectorIcons.xcodeproj */;
			proxyType = 2;
			remoteGlobalIDString = 5DBEB1501B18CEA900B34395;
			remoteInfo = RNVectorIcons;
		};
		31EF4BF11F4748BA003818E8 /* PBXContainerItemProxy */ = {
			isa = PBXContainerItemProxy;
			containerPortal = 031C7246CA094CD881F3BA0C /* ReactNativeConfig.xcodeproj */;
			proxyType = 2;
			remoteGlobalIDString = EB2648DF1C7BE17A00B8F155;
			remoteInfo = ReactNativeConfig;
		};
		3DAD3E831DF850E9000B6D8A /* PBXContainerItemProxy */ = {
			isa = PBXContainerItemProxy;
			containerPortal = 00C302BB1ABCB91800DB3ED1 /* RCTImage.xcodeproj */;
			proxyType = 2;
			remoteGlobalIDString = 2D2A283A1D9B042B00D4039D;
			remoteInfo = "RCTImage-tvOS";
		};
		3DAD3E871DF850E9000B6D8A /* PBXContainerItemProxy */ = {
			isa = PBXContainerItemProxy;
			containerPortal = 78C398B01ACF4ADC00677621 /* RCTLinking.xcodeproj */;
			proxyType = 2;
			remoteGlobalIDString = 2D2A28471D9B043800D4039D;
			remoteInfo = "RCTLinking-tvOS";
		};
		3DAD3E8B1DF850E9000B6D8A /* PBXContainerItemProxy */ = {
			isa = PBXContainerItemProxy;
			containerPortal = 00C302D31ABCB9D200DB3ED1 /* RCTNetwork.xcodeproj */;
			proxyType = 2;
			remoteGlobalIDString = 2D2A28541D9B044C00D4039D;
			remoteInfo = "RCTNetwork-tvOS";
		};
		3DAD3E8F1DF850E9000B6D8A /* PBXContainerItemProxy */ = {
			isa = PBXContainerItemProxy;
			containerPortal = 139105B61AF99BAD00B5F7CC /* RCTSettings.xcodeproj */;
			proxyType = 2;
			remoteGlobalIDString = 2D2A28611D9B046600D4039D;
			remoteInfo = "RCTSettings-tvOS";
		};
		3DAD3E931DF850E9000B6D8A /* PBXContainerItemProxy */ = {
			isa = PBXContainerItemProxy;
			containerPortal = 832341B01AAA6A8300B99B32 /* RCTText.xcodeproj */;
			proxyType = 2;
			remoteGlobalIDString = 2D2A287B1D9B048500D4039D;
			remoteInfo = "RCTText-tvOS";
		};
		3DAD3E981DF850E9000B6D8A /* PBXContainerItemProxy */ = {
			isa = PBXContainerItemProxy;
			containerPortal = 139FDEE61B06529A00C62182 /* RCTWebSocket.xcodeproj */;
			proxyType = 2;
			remoteGlobalIDString = 2D2A28881D9B049200D4039D;
			remoteInfo = "RCTWebSocket-tvOS";
		};
		3DAD3EA21DF850E9000B6D8A /* PBXContainerItemProxy */ = {
			isa = PBXContainerItemProxy;
			containerPortal = 146833FF1AC3E56700842450 /* React.xcodeproj */;
			proxyType = 2;
			remoteGlobalIDString = 2D2A28131D9B038B00D4039D;
			remoteInfo = "React-tvOS";
		};
		3DAD3EA41DF850E9000B6D8A /* PBXContainerItemProxy */ = {
			isa = PBXContainerItemProxy;
			containerPortal = 146833FF1AC3E56700842450 /* React.xcodeproj */;
			proxyType = 2;
			remoteGlobalIDString = 3D3C059A1DE3340900C268FA;
			remoteInfo = yoga;
		};
		3DAD3EA61DF850E9000B6D8A /* PBXContainerItemProxy */ = {
			isa = PBXContainerItemProxy;
			containerPortal = 146833FF1AC3E56700842450 /* React.xcodeproj */;
			proxyType = 2;
			remoteGlobalIDString = 3D3C06751DE3340C00C268FA;
			remoteInfo = "yoga-tvOS";
		};
		3DAD3EA81DF850E9000B6D8A /* PBXContainerItemProxy */ = {
			isa = PBXContainerItemProxy;
			containerPortal = 146833FF1AC3E56700842450 /* React.xcodeproj */;
			proxyType = 2;
			remoteGlobalIDString = 3D3CD9251DE5FBEC00167DC4;
			remoteInfo = cxxreact;
		};
		3DAD3EAA1DF850E9000B6D8A /* PBXContainerItemProxy */ = {
			isa = PBXContainerItemProxy;
			containerPortal = 146833FF1AC3E56700842450 /* React.xcodeproj */;
			proxyType = 2;
			remoteGlobalIDString = 3D3CD9321DE5FBEE00167DC4;
			remoteInfo = "cxxreact-tvOS";
		};
		3DAD3EAC1DF850E9000B6D8A /* PBXContainerItemProxy */ = {
			isa = PBXContainerItemProxy;
			containerPortal = 146833FF1AC3E56700842450 /* React.xcodeproj */;
			proxyType = 2;
			remoteGlobalIDString = 3D3CD90B1DE5FBD600167DC4;
			remoteInfo = jschelpers;
		};
		3DAD3EAE1DF850E9000B6D8A /* PBXContainerItemProxy */ = {
			isa = PBXContainerItemProxy;
			containerPortal = 146833FF1AC3E56700842450 /* React.xcodeproj */;
			proxyType = 2;
			remoteGlobalIDString = 3D3CD9181DE5FBD800167DC4;
			remoteInfo = "jschelpers-tvOS";
		};
		5E9157321DD0AC6500FF2AA8 /* PBXContainerItemProxy */ = {
			isa = PBXContainerItemProxy;
			containerPortal = 5E91572D1DD0AC6500FF2AA8 /* RCTAnimation.xcodeproj */;
			proxyType = 2;
			remoteGlobalIDString = 134814201AA4EA6300B7C361;
			remoteInfo = RCTAnimation;
		};
		5E9157341DD0AC6500FF2AA8 /* PBXContainerItemProxy */ = {
			isa = PBXContainerItemProxy;
			containerPortal = 5E91572D1DD0AC6500FF2AA8 /* RCTAnimation.xcodeproj */;
			proxyType = 2;
			remoteGlobalIDString = 2D2A28201D9B03D100D4039D;
			remoteInfo = "RCTAnimation-tvOS";
		};
		78C398B81ACF4ADC00677621 /* PBXContainerItemProxy */ = {
			isa = PBXContainerItemProxy;
			containerPortal = 78C398B01ACF4ADC00677621 /* RCTLinking.xcodeproj */;
			proxyType = 2;
			remoteGlobalIDString = 134814201AA4EA6300B7C361;
			remoteInfo = RCTLinking;
		};
		832341B41AAA6A8300B99B32 /* PBXContainerItemProxy */ = {
			isa = PBXContainerItemProxy;
			containerPortal = 832341B01AAA6A8300B99B32 /* RCTText.xcodeproj */;
			proxyType = 2;
			remoteGlobalIDString = 58B5119B1A9E6C1200147676;
			remoteInfo = RCTText;
		};
/* End PBXContainerItemProxy section */

/* Begin PBXCopyFilesBuildPhase section */
		3101B4211F4860FB00D5B55F /* Embed Frameworks */ = {
			isa = PBXCopyFilesBuildPhase;
			buildActionMask = 2147483647;
			dstPath = "";
			dstSubfolderSpec = 10;
			files = (
				3101B4201F4860FB00D5B55F /* Mapbox.framework in Embed Frameworks */,
			);
			name = "Embed Frameworks";
			runOnlyForDeploymentPostprocessing = 0;
		};
/* End PBXCopyFilesBuildPhase section */

/* Begin PBXFileReference section */
		008F07F21AC5B25A0029DE68 /* main.jsbundle */ = {isa = PBXFileReference; fileEncoding = 4; lastKnownFileType = text; path = main.jsbundle; sourceTree = "<group>"; };
		00C302A71ABCB8CE00DB3ED1 /* RCTActionSheet.xcodeproj */ = {isa = PBXFileReference; lastKnownFileType = "wrapper.pb-project"; name = RCTActionSheet.xcodeproj; path = "../node_modules/react-native/Libraries/ActionSheetIOS/RCTActionSheet.xcodeproj"; sourceTree = "<group>"; };
		00C302B51ABCB90400DB3ED1 /* RCTGeolocation.xcodeproj */ = {isa = PBXFileReference; lastKnownFileType = "wrapper.pb-project"; name = RCTGeolocation.xcodeproj; path = "../node_modules/react-native/Libraries/Geolocation/RCTGeolocation.xcodeproj"; sourceTree = "<group>"; };
		00C302BB1ABCB91800DB3ED1 /* RCTImage.xcodeproj */ = {isa = PBXFileReference; lastKnownFileType = "wrapper.pb-project"; name = RCTImage.xcodeproj; path = "../node_modules/react-native/Libraries/Image/RCTImage.xcodeproj"; sourceTree = "<group>"; };
		00C302D31ABCB9D200DB3ED1 /* RCTNetwork.xcodeproj */ = {isa = PBXFileReference; lastKnownFileType = "wrapper.pb-project"; name = RCTNetwork.xcodeproj; path = "../node_modules/react-native/Libraries/Network/RCTNetwork.xcodeproj"; sourceTree = "<group>"; };
		00C302DF1ABCB9EE00DB3ED1 /* RCTVibration.xcodeproj */ = {isa = PBXFileReference; lastKnownFileType = "wrapper.pb-project"; name = RCTVibration.xcodeproj; path = "../node_modules/react-native/Libraries/Vibration/RCTVibration.xcodeproj"; sourceTree = "<group>"; };
		00D4C5AF141E4F6C9428A06B /* RNVectorIcons.xcodeproj */ = {isa = PBXFileReference; explicitFileType = undefined; fileEncoding = 9; includeInIndex = 0; lastKnownFileType = "wrapper.pb-project"; name = RNVectorIcons.xcodeproj; path = "../node_modules/react-native-vector-icons/RNVectorIcons.xcodeproj"; sourceTree = "<group>"; };
		00DEFB437C5441CF9E1F78D0 /* libReactNativeConfig.a */ = {isa = PBXFileReference; explicitFileType = undefined; fileEncoding = 9; includeInIndex = 0; lastKnownFileType = archive.ar; path = libReactNativeConfig.a; sourceTree = "<group>"; };
		00E356EE1AD99517003FC87E /* stravelsTests.xctest */ = {isa = PBXFileReference; explicitFileType = wrapper.cfbundle; includeInIndex = 0; path = stravelsTests.xctest; sourceTree = BUILT_PRODUCTS_DIR; };
		00E356F11AD99517003FC87E /* Info.plist */ = {isa = PBXFileReference; lastKnownFileType = text.plist.xml; path = Info.plist; sourceTree = "<group>"; };
		00E356F21AD99517003FC87E /* stravelsTests.m */ = {isa = PBXFileReference; lastKnownFileType = sourcecode.c.objc; path = stravelsTests.m; sourceTree = "<group>"; };
		031C7246CA094CD881F3BA0C /* ReactNativeConfig.xcodeproj */ = {isa = PBXFileReference; explicitFileType = undefined; fileEncoding = 9; includeInIndex = 0; lastKnownFileType = "wrapper.pb-project"; name = ReactNativeConfig.xcodeproj; path = "../node_modules/react-native-config/ios/ReactNativeConfig.xcodeproj"; sourceTree = "<group>"; };
		04F23B5FCC2C4FA89DEBEC2C /* Foundation.ttf */ = {isa = PBXFileReference; explicitFileType = undefined; fileEncoding = 9; includeInIndex = 0; lastKnownFileType = unknown; name = Foundation.ttf; path = "../node_modules/react-native-vector-icons/Fonts/Foundation.ttf"; sourceTree = "<group>"; };
		086CA88146FE4CD18B9917B6 /* RNI18n.xcodeproj */ = {isa = PBXFileReference; explicitFileType = undefined; fileEncoding = 9; includeInIndex = 0; lastKnownFileType = "wrapper.pb-project"; name = RNI18n.xcodeproj; path = "../node_modules/react-native-i18n/RNI18n.xcodeproj"; sourceTree = "<group>"; };
		139105B61AF99BAD00B5F7CC /* RCTSettings.xcodeproj */ = {isa = PBXFileReference; lastKnownFileType = "wrapper.pb-project"; name = RCTSettings.xcodeproj; path = "../node_modules/react-native/Libraries/Settings/RCTSettings.xcodeproj"; sourceTree = "<group>"; };
		139FDEE61B06529A00C62182 /* RCTWebSocket.xcodeproj */ = {isa = PBXFileReference; lastKnownFileType = "wrapper.pb-project"; name = RCTWebSocket.xcodeproj; path = "../node_modules/react-native/Libraries/WebSocket/RCTWebSocket.xcodeproj"; sourceTree = "<group>"; };
		13B07F961A680F5B00A75B9A /* stravels.app */ = {isa = PBXFileReference; explicitFileType = wrapper.application; includeInIndex = 0; path = stravels.app; sourceTree = BUILT_PRODUCTS_DIR; };
		13B07FAF1A68108700A75B9A /* AppDelegate.h */ = {isa = PBXFileReference; fileEncoding = 4; lastKnownFileType = sourcecode.c.h; name = AppDelegate.h; path = stravels/AppDelegate.h; sourceTree = "<group>"; };
		13B07FB01A68108700A75B9A /* AppDelegate.m */ = {isa = PBXFileReference; fileEncoding = 4; lastKnownFileType = sourcecode.c.objc; name = AppDelegate.m; path = stravels/AppDelegate.m; sourceTree = "<group>"; };
		13B07FB51A68108700A75B9A /* Images.xcassets */ = {isa = PBXFileReference; lastKnownFileType = folder.assetcatalog; name = Images.xcassets; path = stravels/Images.xcassets; sourceTree = "<group>"; };
		13B07FB61A68108700A75B9A /* Info.plist */ = {isa = PBXFileReference; fileEncoding = 4; lastKnownFileType = text.plist.xml; name = Info.plist; path = stravels/Info.plist; sourceTree = "<group>"; };
		13B07FB71A68108700A75B9A /* main.m */ = {isa = PBXFileReference; fileEncoding = 4; lastKnownFileType = sourcecode.c.objc; name = main.m; path = stravels/main.m; sourceTree = "<group>"; };
		146833FF1AC3E56700842450 /* React.xcodeproj */ = {isa = PBXFileReference; lastKnownFileType = "wrapper.pb-project"; name = React.xcodeproj; path = "../node_modules/react-native/React/React.xcodeproj"; sourceTree = "<group>"; };
		2D02E47B1E0B4A5D006451C7 /* stravels-tvOS.app */ = {isa = PBXFileReference; explicitFileType = wrapper.application; includeInIndex = 0; path = "stravels-tvOS.app"; sourceTree = BUILT_PRODUCTS_DIR; };
		2D02E4901E0B4A5D006451C7 /* stravels-tvOSTests.xctest */ = {isa = PBXFileReference; explicitFileType = wrapper.cfbundle; includeInIndex = 0; path = "stravels-tvOSTests.xctest"; sourceTree = BUILT_PRODUCTS_DIR; };
		3101B41E1F4860FB00D5B55F /* Mapbox.framework */ = {isa = PBXFileReference; lastKnownFileType = wrapper.framework; path = Mapbox.framework; sourceTree = "<group>"; };
		353F15F25F704F8EA9DD4A7F /* MaterialIcons.ttf */ = {isa = PBXFileReference; explicitFileType = undefined; fileEncoding = 9; includeInIndex = 0; lastKnownFileType = unknown; name = MaterialIcons.ttf; path = "../node_modules/react-native-vector-icons/Fonts/MaterialIcons.ttf"; sourceTree = "<group>"; };
		40A023C877584F49B16F2373 /* libRNDeviceInfo.a */ = {isa = PBXFileReference; explicitFileType = undefined; fileEncoding = 9; includeInIndex = 0; lastKnownFileType = archive.ar; path = libRNDeviceInfo.a; sourceTree = "<group>"; };
		41374BFECE21478B8D96D04E /* libyoga.a */ = {isa = PBXFileReference; explicitFileType = undefined; fileEncoding = 9; includeInIndex = 0; lastKnownFileType = archive.ar; path = libyoga.a; sourceTree = "<group>"; };
		47C19419979C4494B2DA64EB /* libjschelpers.a */ = {isa = PBXFileReference; explicitFileType = undefined; fileEncoding = 9; includeInIndex = 0; lastKnownFileType = archive.ar; path = libjschelpers.a; sourceTree = "<group>"; };
		53963307298B4DD790BB4EBA /* Ionicons.ttf */ = {isa = PBXFileReference; explicitFileType = undefined; fileEncoding = 9; includeInIndex = 0; lastKnownFileType = unknown; name = Ionicons.ttf; path = "../node_modules/react-native-vector-icons/Fonts/Ionicons.ttf"; sourceTree = "<group>"; };
		54D0420596FD449882C290E8 /* RNDeviceInfo.xcodeproj */ = {isa = PBXFileReference; explicitFileType = undefined; fileEncoding = 9; includeInIndex = 0; lastKnownFileType = "wrapper.pb-project"; name = RNDeviceInfo.xcodeproj; path = "../node_modules/react-native-device-info/RNDeviceInfo.xcodeproj"; sourceTree = "<group>"; };
		5CFC2454E55043FCBFD27462 /* SimpleLineIcons.ttf */ = {isa = PBXFileReference; explicitFileType = undefined; fileEncoding = 9; includeInIndex = 0; lastKnownFileType = unknown; name = SimpleLineIcons.ttf; path = "../node_modules/react-native-vector-icons/Fonts/SimpleLineIcons.ttf"; sourceTree = "<group>"; };
		5E91572D1DD0AC6500FF2AA8 /* RCTAnimation.xcodeproj */ = {isa = PBXFileReference; lastKnownFileType = "wrapper.pb-project"; name = RCTAnimation.xcodeproj; path = "../node_modules/react-native/Libraries/NativeAnimation/RCTAnimation.xcodeproj"; sourceTree = "<group>"; };
		60EFF614CEEA487E82F96FC9 /* Octicons.ttf */ = {isa = PBXFileReference; explicitFileType = undefined; fileEncoding = 9; includeInIndex = 0; lastKnownFileType = unknown; name = Octicons.ttf; path = "../node_modules/react-native-vector-icons/Fonts/Octicons.ttf"; sourceTree = "<group>"; };
		6ADDDA1039944CBF8FCAD348 /* EvilIcons.ttf */ = {isa = PBXFileReference; explicitFileType = undefined; fileEncoding = 9; includeInIndex = 0; lastKnownFileType = unknown; name = EvilIcons.ttf; path = "../node_modules/react-native-vector-icons/Fonts/EvilIcons.ttf"; sourceTree = "<group>"; };
		70DA6CA8541B49F5ABE7E913 /* libRCTMapboxGL.a */ = {isa = PBXFileReference; explicitFileType = undefined; fileEncoding = 9; includeInIndex = 0; lastKnownFileType = archive.ar; path = libRCTMapboxGL.a; sourceTree = "<group>"; };
		78C398B01ACF4ADC00677621 /* RCTLinking.xcodeproj */ = {isa = PBXFileReference; lastKnownFileType = "wrapper.pb-project"; name = RCTLinking.xcodeproj; path = "../node_modules/react-native/Libraries/LinkingIOS/RCTLinking.xcodeproj"; sourceTree = "<group>"; };
		832341B01AAA6A8300B99B32 /* RCTText.xcodeproj */ = {isa = PBXFileReference; lastKnownFileType = "wrapper.pb-project"; name = RCTText.xcodeproj; path = "../node_modules/react-native/Libraries/Text/RCTText.xcodeproj"; sourceTree = "<group>"; };
		907DB02F9FF24A0EB787B800 /* MaterialCommunityIcons.ttf */ = {isa = PBXFileReference; explicitFileType = undefined; fileEncoding = 9; includeInIndex = 0; lastKnownFileType = unknown; name = MaterialCommunityIcons.ttf; path = "../node_modules/react-native-vector-icons/Fonts/MaterialCommunityIcons.ttf"; sourceTree = "<group>"; };
		A3FD437D39F44442845172CC /* libReact.a */ = {isa = PBXFileReference; explicitFileType = undefined; fileEncoding = 9; includeInIndex = 0; lastKnownFileType = archive.ar; path = libReact.a; sourceTree = "<group>"; };
		A640B72BDEC74A9E9455E902 /* FontAwesome.ttf */ = {isa = PBXFileReference; explicitFileType = undefined; fileEncoding = 9; includeInIndex = 0; lastKnownFileType = unknown; name = FontAwesome.ttf; path = "../node_modules/react-native-vector-icons/Fonts/FontAwesome.ttf"; sourceTree = "<group>"; };
		B3E040AB8C134F948D54A76B /* Zocial.ttf */ = {isa = PBXFileReference; explicitFileType = undefined; fileEncoding = 9; includeInIndex = 0; lastKnownFileType = unknown; name = Zocial.ttf; path = "../node_modules/react-native-vector-icons/Fonts/Zocial.ttf"; sourceTree = "<group>"; };
		D106857415DF462E86AA78BA /* libRNVectorIcons.a */ = {isa = PBXFileReference; explicitFileType = undefined; fileEncoding = 9; includeInIndex = 0; lastKnownFileType = archive.ar; path = libRNVectorIcons.a; sourceTree = "<group>"; };
		D229E8CAE9CE44EE9CCC458A /* RCTMapboxGL.xcodeproj */ = {isa = PBXFileReference; explicitFileType = undefined; fileEncoding = 9; includeInIndex = 0; lastKnownFileType = "wrapper.pb-project"; name = RCTMapboxGL.xcodeproj; path = "../node_modules/react-native-mapbox-gl/ios/RCTMapboxGL.xcodeproj"; sourceTree = "<group>"; };
		D8715C673A454F56B49FB974 /* Entypo.ttf */ = {isa = PBXFileReference; explicitFileType = undefined; fileEncoding = 9; includeInIndex = 0; lastKnownFileType = unknown; name = Entypo.ttf; path = "../node_modules/react-native-vector-icons/Fonts/Entypo.ttf"; sourceTree = "<group>"; };
		EA7646D4A5AE486AB3FAF5FE /* libcxxreact.a */ = {isa = PBXFileReference; explicitFileType = undefined; fileEncoding = 9; includeInIndex = 0; lastKnownFileType = archive.ar; path = libcxxreact.a; sourceTree = "<group>"; };
/* End PBXFileReference section */

/* Begin PBXFrameworksBuildPhase section */
		00E356EB1AD99517003FC87E /* Frameworks */ = {
			isa = PBXFrameworksBuildPhase;
			buildActionMask = 2147483647;
			files = (
				140ED2AC1D01E1AD002B40FF /* libReact.a in Frameworks */,
			);
			runOnlyForDeploymentPostprocessing = 0;
		};
		13B07F8C1A680F5B00A75B9A /* Frameworks */ = {
			isa = PBXFrameworksBuildPhase;
			buildActionMask = 2147483647;
			files = (
				146834051AC3E58100842450 /* libReact.a in Frameworks */,
				5E9157361DD0AC6A00FF2AA8 /* libRCTAnimation.a in Frameworks */,
				00C302E51ABCBA2D00DB3ED1 /* libRCTActionSheet.a in Frameworks */,
				00C302E71ABCBA2D00DB3ED1 /* libRCTGeolocation.a in Frameworks */,
				00C302E81ABCBA2D00DB3ED1 /* libRCTImage.a in Frameworks */,
				133E29F31AD74F7200F7D852 /* libRCTLinking.a in Frameworks */,
				00C302E91ABCBA2D00DB3ED1 /* libRCTNetwork.a in Frameworks */,
				139105C61AF99C1200B5F7CC /* libRCTSettings.a in Frameworks */,
				832341BD1AAA6AB300B99B32 /* libRCTText.a in Frameworks */,
				00C302EA1ABCBA2D00DB3ED1 /* libRCTVibration.a in Frameworks */,
				139FDEF61B0652A700C62182 /* libRCTWebSocket.a in Frameworks */,
				42752BB13A554629937C4431 /* libRNDeviceInfo.a in Frameworks */,
				6F92013B515A421CB0159FED /* libRNVectorIcons.a in Frameworks */,
				9EF53B1D900942D68F80CB65 /* libReact.a in Frameworks */,
				BBE362A56B2445B5BF15943C /* libyoga.a in Frameworks */,
				3FDE354119C446E08710EB26 /* libcxxreact.a in Frameworks */,
				D3D35C903F94464DAA917A1D /* libjschelpers.a in Frameworks */,
				559F71D12D334152B0CD1B17 /* libReactNativeConfig.a in Frameworks */,
				41C97D71EC6D46538D1BE5B6 /* libRCTMapboxGL.a in Frameworks */,
				3101B41F1F4860FB00D5B55F /* Mapbox.framework in Frameworks */,
			);
			runOnlyForDeploymentPostprocessing = 0;
		};
		2D02E4781E0B4A5D006451C7 /* Frameworks */ = {
			isa = PBXFrameworksBuildPhase;
			buildActionMask = 2147483647;
			files = (
				2D02E4C91E0B4AEC006451C7 /* libReact.a in Frameworks */,
				2D02E4C21E0B4AEC006451C7 /* libRCTAnimation.a in Frameworks */,
				2D02E4C31E0B4AEC006451C7 /* libRCTImage-tvOS.a in Frameworks */,
				2D02E4C41E0B4AEC006451C7 /* libRCTLinking-tvOS.a in Frameworks */,
				2D02E4C51E0B4AEC006451C7 /* libRCTNetwork-tvOS.a in Frameworks */,
				2D02E4C61E0B4AEC006451C7 /* libRCTSettings-tvOS.a in Frameworks */,
				2D02E4C71E0B4AEC006451C7 /* libRCTText-tvOS.a in Frameworks */,
				2D02E4C81E0B4AEC006451C7 /* libRCTWebSocket-tvOS.a in Frameworks */,
			);
			runOnlyForDeploymentPostprocessing = 0;
		};
		2D02E48D1E0B4A5D006451C7 /* Frameworks */ = {
			isa = PBXFrameworksBuildPhase;
			buildActionMask = 2147483647;
			files = (
			);
			runOnlyForDeploymentPostprocessing = 0;
		};
/* End PBXFrameworksBuildPhase section */

/* Begin PBXGroup section */
		00C302A81ABCB8CE00DB3ED1 /* Products */ = {
			isa = PBXGroup;
			children = (
				00C302AC1ABCB8CE00DB3ED1 /* libRCTActionSheet.a */,
			);
			name = Products;
			sourceTree = "<group>";
		};
		00C302B61ABCB90400DB3ED1 /* Products */ = {
			isa = PBXGroup;
			children = (
				00C302BA1ABCB90400DB3ED1 /* libRCTGeolocation.a */,
			);
			name = Products;
			sourceTree = "<group>";
		};
		00C302BC1ABCB91800DB3ED1 /* Products */ = {
			isa = PBXGroup;
			children = (
				00C302C01ABCB91800DB3ED1 /* libRCTImage.a */,
				3DAD3E841DF850E9000B6D8A /* libRCTImage-tvOS.a */,
			);
			name = Products;
			sourceTree = "<group>";
		};
		00C302D41ABCB9D200DB3ED1 /* Products */ = {
			isa = PBXGroup;
			children = (
				00C302DC1ABCB9D200DB3ED1 /* libRCTNetwork.a */,
				3DAD3E8C1DF850E9000B6D8A /* libRCTNetwork-tvOS.a */,
			);
			name = Products;
			sourceTree = "<group>";
		};
		00C302E01ABCB9EE00DB3ED1 /* Products */ = {
			isa = PBXGroup;
			children = (
				00C302E41ABCB9EE00DB3ED1 /* libRCTVibration.a */,
			);
			name = Products;
			sourceTree = "<group>";
		};
		00E356EF1AD99517003FC87E /* stravelsTests */ = {
			isa = PBXGroup;
			children = (
				00E356F21AD99517003FC87E /* stravelsTests.m */,
				00E356F01AD99517003FC87E /* Supporting Files */,
			);
			path = stravelsTests;
			sourceTree = "<group>";
		};
		00E356F01AD99517003FC87E /* Supporting Files */ = {
			isa = PBXGroup;
			children = (
				00E356F11AD99517003FC87E /* Info.plist */,
			);
			name = "Supporting Files";
			sourceTree = "<group>";
		};
		0C417FE03BBB4FBAB1469289 /* Resources */ = {
			isa = PBXGroup;
			children = (
				D8715C673A454F56B49FB974 /* Entypo.ttf */,
				6ADDDA1039944CBF8FCAD348 /* EvilIcons.ttf */,
				A640B72BDEC74A9E9455E902 /* FontAwesome.ttf */,
				04F23B5FCC2C4FA89DEBEC2C /* Foundation.ttf */,
				53963307298B4DD790BB4EBA /* Ionicons.ttf */,
				907DB02F9FF24A0EB787B800 /* MaterialCommunityIcons.ttf */,
				353F15F25F704F8EA9DD4A7F /* MaterialIcons.ttf */,
				60EFF614CEEA487E82F96FC9 /* Octicons.ttf */,
				5CFC2454E55043FCBFD27462 /* SimpleLineIcons.ttf */,
				B3E040AB8C134F948D54A76B /* Zocial.ttf */,
			);
			name = Resources;
			sourceTree = "<group>";
		};
		139105B71AF99BAD00B5F7CC /* Products */ = {
			isa = PBXGroup;
			children = (
				139105C11AF99BAD00B5F7CC /* libRCTSettings.a */,
				3DAD3E901DF850E9000B6D8A /* libRCTSettings-tvOS.a */,
			);
			name = Products;
			sourceTree = "<group>";
		};
		139FDEE71B06529A00C62182 /* Products */ = {
			isa = PBXGroup;
			children = (
				139FDEF41B06529B00C62182 /* libRCTWebSocket.a */,
				3DAD3E991DF850E9000B6D8A /* libRCTWebSocket-tvOS.a */,
			);
			name = Products;
			sourceTree = "<group>";
		};
		13B07FAE1A68108700A75B9A /* stravels */ = {
			isa = PBXGroup;
			children = (
				008F07F21AC5B25A0029DE68 /* main.jsbundle */,
				13B07FAF1A68108700A75B9A /* AppDelegate.h */,
				13B07FB01A68108700A75B9A /* AppDelegate.m */,
				13B07FB51A68108700A75B9A /* Images.xcassets */,
				13B07FB61A68108700A75B9A /* Info.plist */,
				13B07FB71A68108700A75B9A /* main.m */,
			);
			name = stravels;
			sourceTree = "<group>";
		};
		146834001AC3E56700842450 /* Products */ = {
			isa = PBXGroup;
			children = (
				146834041AC3E56700842450 /* libReact.a */,
				3DAD3EA31DF850E9000B6D8A /* libReact.a */,
				3DAD3EA51DF850E9000B6D8A /* libyoga.a */,
				3DAD3EA71DF850E9000B6D8A /* libyoga.a */,
				3DAD3EA91DF850E9000B6D8A /* libcxxreact.a */,
				3DAD3EAB1DF850E9000B6D8A /* libcxxreact.a */,
				3DAD3EAD1DF850E9000B6D8A /* libjschelpers.a */,
				3DAD3EAF1DF850E9000B6D8A /* libjschelpers.a */,
				315400AD1F455A9600A6D9FB /* libthird-party.a */,
				315400AF1F455A9600A6D9FB /* libthird-party.a */,
				315400B11F455A9600A6D9FB /* libdouble-conversion.a */,
				315400B31F455A9600A6D9FB /* libdouble-conversion.a */,
			);
			name = Products;
			sourceTree = "<group>";
		};
		3101B3F41F48608100D5B55F /* Products */ = {
			isa = PBXGroup;
			children = (
				3101B4011F48608500D5B55F /* libRCTMapboxGL.a */,
				3101B4031F48608500D5B55F /* RCTMapboxGLTests.xctest */,
			);
			name = Products;
			sourceTree = "<group>";
		};
		315400891F455A9600A6D9FB /* Products */ = {
			isa = PBXGroup;
			children = (
				315400B61F455A9600A6D9FB /* libRNDeviceInfo.a */,
			);
			name = Products;
			sourceTree = "<group>";
		};
		3154008B1F455A9600A6D9FB /* Products */ = {
			isa = PBXGroup;
			children = (
				315400BF1F455A9600A6D9FB /* libRNVectorIcons.a */,
			);
			name = Products;
			sourceTree = "<group>";
		};
		3154008D1F455A9600A6D9FB /* Products */ = {
			isa = PBXGroup;
			children = (
				315400BA1F455A9600A6D9FB /* libRNI18n.a */,
				315400BC1F455A9600A6D9FB /* RNI18nTests.xctest */,
			);
			name = Products;
			sourceTree = "<group>";
		};
		31EF4BD11F4748BA003818E8 /* Products */ = {
			isa = PBXGroup;
			children = (
				31EF4BF21F4748BA003818E8 /* libReactNativeConfig.a */,
			);
			name = Products;
			sourceTree = "<group>";
		};
		5E91572E1DD0AC6500FF2AA8 /* Products */ = {
			isa = PBXGroup;
			children = (
				5E9157331DD0AC6500FF2AA8 /* libRCTAnimation.a */,
				5E9157351DD0AC6500FF2AA8 /* libRCTAnimation.a */,
			);
			name = Products;
			sourceTree = "<group>";
		};
		78C398B11ACF4ADC00677621 /* Products */ = {
			isa = PBXGroup;
			children = (
				78C398B91ACF4ADC00677621 /* libRCTLinking.a */,
				3DAD3E881DF850E9000B6D8A /* libRCTLinking-tvOS.a */,
			);
			name = Products;
			sourceTree = "<group>";
		};
		832341AE1AAA6A7D00B99B32 /* Libraries */ = {
			isa = PBXGroup;
			children = (
				5E91572D1DD0AC6500FF2AA8 /* RCTAnimation.xcodeproj */,
				146833FF1AC3E56700842450 /* React.xcodeproj */,
				00C302A71ABCB8CE00DB3ED1 /* RCTActionSheet.xcodeproj */,
				00C302B51ABCB90400DB3ED1 /* RCTGeolocation.xcodeproj */,
				00C302BB1ABCB91800DB3ED1 /* RCTImage.xcodeproj */,
				78C398B01ACF4ADC00677621 /* RCTLinking.xcodeproj */,
				00C302D31ABCB9D200DB3ED1 /* RCTNetwork.xcodeproj */,
				139105B61AF99BAD00B5F7CC /* RCTSettings.xcodeproj */,
				832341B01AAA6A8300B99B32 /* RCTText.xcodeproj */,
				00C302DF1ABCB9EE00DB3ED1 /* RCTVibration.xcodeproj */,
				139FDEE61B06529A00C62182 /* RCTWebSocket.xcodeproj */,
				54D0420596FD449882C290E8 /* RNDeviceInfo.xcodeproj */,
				00D4C5AF141E4F6C9428A06B /* RNVectorIcons.xcodeproj */,
				086CA88146FE4CD18B9917B6 /* RNI18n.xcodeproj */,
				031C7246CA094CD881F3BA0C /* ReactNativeConfig.xcodeproj */,
				D229E8CAE9CE44EE9CCC458A /* RCTMapboxGL.xcodeproj */,
			);
			name = Libraries;
			sourceTree = "<group>";
		};
		832341B11AAA6A8300B99B32 /* Products */ = {
			isa = PBXGroup;
			children = (
				832341B51AAA6A8300B99B32 /* libRCTText.a */,
				3DAD3E941DF850E9000B6D8A /* libRCTText-tvOS.a */,
			);
			name = Products;
			sourceTree = "<group>";
		};
		83CBB9F61A601CBA00E9B192 = {
			isa = PBXGroup;
			children = (
				3101B41E1F4860FB00D5B55F /* Mapbox.framework */,
				13B07FAE1A68108700A75B9A /* stravels */,
				832341AE1AAA6A7D00B99B32 /* Libraries */,
				00E356EF1AD99517003FC87E /* stravelsTests */,
				83CBBA001A601CBA00E9B192 /* Products */,
				0C417FE03BBB4FBAB1469289 /* Resources */,
			);
			indentWidth = 2;
			sourceTree = "<group>";
			tabWidth = 2;
		};
		83CBBA001A601CBA00E9B192 /* Products */ = {
			isa = PBXGroup;
			children = (
				13B07F961A680F5B00A75B9A /* stravels.app */,
				00E356EE1AD99517003FC87E /* stravelsTests.xctest */,
				2D02E47B1E0B4A5D006451C7 /* stravels-tvOS.app */,
				2D02E4901E0B4A5D006451C7 /* stravels-tvOSTests.xctest */,
			);
			name = Products;
			sourceTree = "<group>";
		};
/* End PBXGroup section */

/* Begin PBXNativeTarget section */
		00E356ED1AD99517003FC87E /* stravelsTests */ = {
			isa = PBXNativeTarget;
			buildConfigurationList = 00E357021AD99517003FC87E /* Build configuration list for PBXNativeTarget "stravelsTests" */;
			buildPhases = (
				00E356EA1AD99517003FC87E /* Sources */,
				00E356EB1AD99517003FC87E /* Frameworks */,
				00E356EC1AD99517003FC87E /* Resources */,
			);
			buildRules = (
			);
			dependencies = (
				00E356F51AD99517003FC87E /* PBXTargetDependency */,
			);
			name = stravelsTests;
			productName = stravelsTests;
			productReference = 00E356EE1AD99517003FC87E /* stravelsTests.xctest */;
			productType = "com.apple.product-type.bundle.unit-test";
		};
		13B07F861A680F5B00A75B9A /* stravels */ = {
			isa = PBXNativeTarget;
			buildConfigurationList = 13B07F931A680F5B00A75B9A /* Build configuration list for PBXNativeTarget "stravels" */;
			buildPhases = (
				13B07F871A680F5B00A75B9A /* Sources */,
				13B07F8C1A680F5B00A75B9A /* Frameworks */,
				13B07F8E1A680F5B00A75B9A /* Resources */,
				00DD1BFF1BD5951E006B06BC /* Bundle React Native code and images */,
				3101B4211F4860FB00D5B55F /* Embed Frameworks */,
				3101B4221F48610D00D5B55F /* ShellScript */,
			);
			buildRules = (
			);
			dependencies = (
			);
			name = stravels;
			productName = "Hello World";
			productReference = 13B07F961A680F5B00A75B9A /* stravels.app */;
			productType = "com.apple.product-type.application";
		};
		2D02E47A1E0B4A5D006451C7 /* stravels-tvOS */ = {
			isa = PBXNativeTarget;
			buildConfigurationList = 2D02E4BA1E0B4A5E006451C7 /* Build configuration list for PBXNativeTarget "stravels-tvOS" */;
			buildPhases = (
				2D02E4771E0B4A5D006451C7 /* Sources */,
				2D02E4781E0B4A5D006451C7 /* Frameworks */,
				2D02E4791E0B4A5D006451C7 /* Resources */,
				2D02E4CB1E0B4B27006451C7 /* Bundle React Native Code And Images */,
			);
			buildRules = (
			);
			dependencies = (
			);
			name = "stravels-tvOS";
			productName = "stravels-tvOS";
			productReference = 2D02E47B1E0B4A5D006451C7 /* stravels-tvOS.app */;
			productType = "com.apple.product-type.application";
		};
		2D02E48F1E0B4A5D006451C7 /* stravels-tvOSTests */ = {
			isa = PBXNativeTarget;
			buildConfigurationList = 2D02E4BB1E0B4A5E006451C7 /* Build configuration list for PBXNativeTarget "stravels-tvOSTests" */;
			buildPhases = (
				2D02E48C1E0B4A5D006451C7 /* Sources */,
				2D02E48D1E0B4A5D006451C7 /* Frameworks */,
				2D02E48E1E0B4A5D006451C7 /* Resources */,
			);
			buildRules = (
			);
			dependencies = (
				2D02E4921E0B4A5D006451C7 /* PBXTargetDependency */,
			);
			name = "stravels-tvOSTests";
			productName = "stravels-tvOSTests";
			productReference = 2D02E4901E0B4A5D006451C7 /* stravels-tvOSTests.xctest */;
			productType = "com.apple.product-type.bundle.unit-test";
		};
/* End PBXNativeTarget section */

/* Begin PBXProject section */
		83CBB9F71A601CBA00E9B192 /* Project object */ = {
			isa = PBXProject;
			attributes = {
				LastUpgradeCheck = 610;
				ORGANIZATIONNAME = Stravels;
				TargetAttributes = {
					00E356ED1AD99517003FC87E = {
						CreatedOnToolsVersion = 6.2;
						TestTargetID = 13B07F861A680F5B00A75B9A;
					};
					13B07F861A680F5B00A75B9A = {
						DevelopmentTeam = X49YZV6B76;
						ProvisioningStyle = Manual;
						SystemCapabilities = {
							com.apple.SafariKeychain = {
								enabled = 0;
							};
						};
					};
					2D02E47A1E0B4A5D006451C7 = {
						CreatedOnToolsVersion = 8.2.1;
						ProvisioningStyle = Automatic;
					};
					2D02E48F1E0B4A5D006451C7 = {
						CreatedOnToolsVersion = 8.2.1;
						ProvisioningStyle = Automatic;
						TestTargetID = 2D02E47A1E0B4A5D006451C7;
					};
				};
			};
			buildConfigurationList = 83CBB9FA1A601CBA00E9B192 /* Build configuration list for PBXProject "stravels" */;
			compatibilityVersion = "Xcode 3.2";
			developmentRegion = English;
			hasScannedForEncodings = 0;
			knownRegions = (
				en,
				Base,
			);
			mainGroup = 83CBB9F61A601CBA00E9B192;
			productRefGroup = 83CBBA001A601CBA00E9B192 /* Products */;
			projectDirPath = "";
			projectReferences = (
				{
					ProductGroup = 00C302A81ABCB8CE00DB3ED1 /* Products */;
					ProjectRef = 00C302A71ABCB8CE00DB3ED1 /* RCTActionSheet.xcodeproj */;
				},
				{
					ProductGroup = 5E91572E1DD0AC6500FF2AA8 /* Products */;
					ProjectRef = 5E91572D1DD0AC6500FF2AA8 /* RCTAnimation.xcodeproj */;
				},
				{
					ProductGroup = 00C302B61ABCB90400DB3ED1 /* Products */;
					ProjectRef = 00C302B51ABCB90400DB3ED1 /* RCTGeolocation.xcodeproj */;
				},
				{
					ProductGroup = 00C302BC1ABCB91800DB3ED1 /* Products */;
					ProjectRef = 00C302BB1ABCB91800DB3ED1 /* RCTImage.xcodeproj */;
				},
				{
					ProductGroup = 78C398B11ACF4ADC00677621 /* Products */;
					ProjectRef = 78C398B01ACF4ADC00677621 /* RCTLinking.xcodeproj */;
				},
				{
					ProductGroup = 3101B3F41F48608100D5B55F /* Products */;
					ProjectRef = D229E8CAE9CE44EE9CCC458A /* RCTMapboxGL.xcodeproj */;
				},
				{
					ProductGroup = 00C302D41ABCB9D200DB3ED1 /* Products */;
					ProjectRef = 00C302D31ABCB9D200DB3ED1 /* RCTNetwork.xcodeproj */;
				},
				{
					ProductGroup = 139105B71AF99BAD00B5F7CC /* Products */;
					ProjectRef = 139105B61AF99BAD00B5F7CC /* RCTSettings.xcodeproj */;
				},
				{
					ProductGroup = 832341B11AAA6A8300B99B32 /* Products */;
					ProjectRef = 832341B01AAA6A8300B99B32 /* RCTText.xcodeproj */;
				},
				{
					ProductGroup = 00C302E01ABCB9EE00DB3ED1 /* Products */;
					ProjectRef = 00C302DF1ABCB9EE00DB3ED1 /* RCTVibration.xcodeproj */;
				},
				{
					ProductGroup = 139FDEE71B06529A00C62182 /* Products */;
					ProjectRef = 139FDEE61B06529A00C62182 /* RCTWebSocket.xcodeproj */;
				},
				{
					ProductGroup = 146834001AC3E56700842450 /* Products */;
					ProjectRef = 146833FF1AC3E56700842450 /* React.xcodeproj */;
				},
				{
					ProductGroup = 31EF4BD11F4748BA003818E8 /* Products */;
					ProjectRef = 031C7246CA094CD881F3BA0C /* ReactNativeConfig.xcodeproj */;
				},
				{
					ProductGroup = 315400891F455A9600A6D9FB /* Products */;
					ProjectRef = 54D0420596FD449882C290E8 /* RNDeviceInfo.xcodeproj */;
				},
				{
					ProductGroup = 3154008D1F455A9600A6D9FB /* Products */;
					ProjectRef = 086CA88146FE4CD18B9917B6 /* RNI18n.xcodeproj */;
				},
				{
					ProductGroup = 3154008B1F455A9600A6D9FB /* Products */;
					ProjectRef = 00D4C5AF141E4F6C9428A06B /* RNVectorIcons.xcodeproj */;
				},
			);
			projectRoot = "";
			targets = (
				13B07F861A680F5B00A75B9A /* stravels */,
				00E356ED1AD99517003FC87E /* stravelsTests */,
				2D02E47A1E0B4A5D006451C7 /* stravels-tvOS */,
				2D02E48F1E0B4A5D006451C7 /* stravels-tvOSTests */,
			);
		};
/* End PBXProject section */

/* Begin PBXReferenceProxy section */
		00C302AC1ABCB8CE00DB3ED1 /* libRCTActionSheet.a */ = {
			isa = PBXReferenceProxy;
			fileType = archive.ar;
			path = libRCTActionSheet.a;
			remoteRef = 00C302AB1ABCB8CE00DB3ED1 /* PBXContainerItemProxy */;
			sourceTree = BUILT_PRODUCTS_DIR;
		};
		00C302BA1ABCB90400DB3ED1 /* libRCTGeolocation.a */ = {
			isa = PBXReferenceProxy;
			fileType = archive.ar;
			path = libRCTGeolocation.a;
			remoteRef = 00C302B91ABCB90400DB3ED1 /* PBXContainerItemProxy */;
			sourceTree = BUILT_PRODUCTS_DIR;
		};
		00C302C01ABCB91800DB3ED1 /* libRCTImage.a */ = {
			isa = PBXReferenceProxy;
			fileType = archive.ar;
			path = libRCTImage.a;
			remoteRef = 00C302BF1ABCB91800DB3ED1 /* PBXContainerItemProxy */;
			sourceTree = BUILT_PRODUCTS_DIR;
		};
		00C302DC1ABCB9D200DB3ED1 /* libRCTNetwork.a */ = {
			isa = PBXReferenceProxy;
			fileType = archive.ar;
			path = libRCTNetwork.a;
			remoteRef = 00C302DB1ABCB9D200DB3ED1 /* PBXContainerItemProxy */;
			sourceTree = BUILT_PRODUCTS_DIR;
		};
		00C302E41ABCB9EE00DB3ED1 /* libRCTVibration.a */ = {
			isa = PBXReferenceProxy;
			fileType = archive.ar;
			path = libRCTVibration.a;
			remoteRef = 00C302E31ABCB9EE00DB3ED1 /* PBXContainerItemProxy */;
			sourceTree = BUILT_PRODUCTS_DIR;
		};
		139105C11AF99BAD00B5F7CC /* libRCTSettings.a */ = {
			isa = PBXReferenceProxy;
			fileType = archive.ar;
			path = libRCTSettings.a;
			remoteRef = 139105C01AF99BAD00B5F7CC /* PBXContainerItemProxy */;
			sourceTree = BUILT_PRODUCTS_DIR;
		};
		139FDEF41B06529B00C62182 /* libRCTWebSocket.a */ = {
			isa = PBXReferenceProxy;
			fileType = archive.ar;
			path = libRCTWebSocket.a;
			remoteRef = 139FDEF31B06529B00C62182 /* PBXContainerItemProxy */;
			sourceTree = BUILT_PRODUCTS_DIR;
		};
		146834041AC3E56700842450 /* libReact.a */ = {
			isa = PBXReferenceProxy;
			fileType = archive.ar;
			path = libReact.a;
			remoteRef = 146834031AC3E56700842450 /* PBXContainerItemProxy */;
			sourceTree = BUILT_PRODUCTS_DIR;
		};
		3101B4011F48608500D5B55F /* libRCTMapboxGL.a */ = {
			isa = PBXReferenceProxy;
			fileType = archive.ar;
			path = libRCTMapboxGL.a;
			remoteRef = 3101B4001F48608500D5B55F /* PBXContainerItemProxy */;
			sourceTree = BUILT_PRODUCTS_DIR;
		};
		3101B4031F48608500D5B55F /* RCTMapboxGLTests.xctest */ = {
			isa = PBXReferenceProxy;
			fileType = wrapper.cfbundle;
			path = RCTMapboxGLTests.xctest;
			remoteRef = 3101B4021F48608500D5B55F /* PBXContainerItemProxy */;
			sourceTree = BUILT_PRODUCTS_DIR;
		};
		315400AD1F455A9600A6D9FB /* libthird-party.a */ = {
			isa = PBXReferenceProxy;
			fileType = archive.ar;
			path = "libthird-party.a";
			remoteRef = 315400AC1F455A9600A6D9FB /* PBXContainerItemProxy */;
			sourceTree = BUILT_PRODUCTS_DIR;
		};
		315400AF1F455A9600A6D9FB /* libthird-party.a */ = {
			isa = PBXReferenceProxy;
			fileType = archive.ar;
			path = "libthird-party.a";
			remoteRef = 315400AE1F455A9600A6D9FB /* PBXContainerItemProxy */;
			sourceTree = BUILT_PRODUCTS_DIR;
		};
		315400B11F455A9600A6D9FB /* libdouble-conversion.a */ = {
			isa = PBXReferenceProxy;
			fileType = archive.ar;
			path = "libdouble-conversion.a";
			remoteRef = 315400B01F455A9600A6D9FB /* PBXContainerItemProxy */;
			sourceTree = BUILT_PRODUCTS_DIR;
		};
		315400B31F455A9600A6D9FB /* libdouble-conversion.a */ = {
			isa = PBXReferenceProxy;
			fileType = archive.ar;
			path = "libdouble-conversion.a";
			remoteRef = 315400B21F455A9600A6D9FB /* PBXContainerItemProxy */;
			sourceTree = BUILT_PRODUCTS_DIR;
		};
		315400B61F455A9600A6D9FB /* libRNDeviceInfo.a */ = {
			isa = PBXReferenceProxy;
			fileType = archive.ar;
			path = libRNDeviceInfo.a;
			remoteRef = 315400B51F455A9600A6D9FB /* PBXContainerItemProxy */;
			sourceTree = BUILT_PRODUCTS_DIR;
		};
		315400BA1F455A9600A6D9FB /* libRNI18n.a */ = {
			isa = PBXReferenceProxy;
			fileType = archive.ar;
			path = libRNI18n.a;
			remoteRef = 315400B91F455A9600A6D9FB /* PBXContainerItemProxy */;
			sourceTree = BUILT_PRODUCTS_DIR;
		};
		315400BC1F455A9600A6D9FB /* RNI18nTests.xctest */ = {
			isa = PBXReferenceProxy;
			fileType = wrapper.cfbundle;
			path = RNI18nTests.xctest;
			remoteRef = 315400BB1F455A9600A6D9FB /* PBXContainerItemProxy */;
			sourceTree = BUILT_PRODUCTS_DIR;
		};
		315400BF1F455A9600A6D9FB /* libRNVectorIcons.a */ = {
			isa = PBXReferenceProxy;
			fileType = archive.ar;
			path = libRNVectorIcons.a;
			remoteRef = 315400BE1F455A9600A6D9FB /* PBXContainerItemProxy */;
			sourceTree = BUILT_PRODUCTS_DIR;
		};
		31EF4BF21F4748BA003818E8 /* libReactNativeConfig.a */ = {
			isa = PBXReferenceProxy;
			fileType = archive.ar;
			path = libReactNativeConfig.a;
			remoteRef = 31EF4BF11F4748BA003818E8 /* PBXContainerItemProxy */;
			sourceTree = BUILT_PRODUCTS_DIR;
		};
		3DAD3E841DF850E9000B6D8A /* libRCTImage-tvOS.a */ = {
			isa = PBXReferenceProxy;
			fileType = archive.ar;
			path = "libRCTImage-tvOS.a";
			remoteRef = 3DAD3E831DF850E9000B6D8A /* PBXContainerItemProxy */;
			sourceTree = BUILT_PRODUCTS_DIR;
		};
		3DAD3E881DF850E9000B6D8A /* libRCTLinking-tvOS.a */ = {
			isa = PBXReferenceProxy;
			fileType = archive.ar;
			path = "libRCTLinking-tvOS.a";
			remoteRef = 3DAD3E871DF850E9000B6D8A /* PBXContainerItemProxy */;
			sourceTree = BUILT_PRODUCTS_DIR;
		};
		3DAD3E8C1DF850E9000B6D8A /* libRCTNetwork-tvOS.a */ = {
			isa = PBXReferenceProxy;
			fileType = archive.ar;
			path = "libRCTNetwork-tvOS.a";
			remoteRef = 3DAD3E8B1DF850E9000B6D8A /* PBXContainerItemProxy */;
			sourceTree = BUILT_PRODUCTS_DIR;
		};
		3DAD3E901DF850E9000B6D8A /* libRCTSettings-tvOS.a */ = {
			isa = PBXReferenceProxy;
			fileType = archive.ar;
			path = "libRCTSettings-tvOS.a";
			remoteRef = 3DAD3E8F1DF850E9000B6D8A /* PBXContainerItemProxy */;
			sourceTree = BUILT_PRODUCTS_DIR;
		};
		3DAD3E941DF850E9000B6D8A /* libRCTText-tvOS.a */ = {
			isa = PBXReferenceProxy;
			fileType = archive.ar;
			path = "libRCTText-tvOS.a";
			remoteRef = 3DAD3E931DF850E9000B6D8A /* PBXContainerItemProxy */;
			sourceTree = BUILT_PRODUCTS_DIR;
		};
		3DAD3E991DF850E9000B6D8A /* libRCTWebSocket-tvOS.a */ = {
			isa = PBXReferenceProxy;
			fileType = archive.ar;
			path = "libRCTWebSocket-tvOS.a";
			remoteRef = 3DAD3E981DF850E9000B6D8A /* PBXContainerItemProxy */;
			sourceTree = BUILT_PRODUCTS_DIR;
		};
		3DAD3EA31DF850E9000B6D8A /* libReact.a */ = {
			isa = PBXReferenceProxy;
			fileType = archive.ar;
			path = libReact.a;
			remoteRef = 3DAD3EA21DF850E9000B6D8A /* PBXContainerItemProxy */;
			sourceTree = BUILT_PRODUCTS_DIR;
		};
		3DAD3EA51DF850E9000B6D8A /* libyoga.a */ = {
			isa = PBXReferenceProxy;
			fileType = archive.ar;
			path = libyoga.a;
			remoteRef = 3DAD3EA41DF850E9000B6D8A /* PBXContainerItemProxy */;
			sourceTree = BUILT_PRODUCTS_DIR;
		};
		3DAD3EA71DF850E9000B6D8A /* libyoga.a */ = {
			isa = PBXReferenceProxy;
			fileType = archive.ar;
			path = libyoga.a;
			remoteRef = 3DAD3EA61DF850E9000B6D8A /* PBXContainerItemProxy */;
			sourceTree = BUILT_PRODUCTS_DIR;
		};
		3DAD3EA91DF850E9000B6D8A /* libcxxreact.a */ = {
			isa = PBXReferenceProxy;
			fileType = archive.ar;
			path = libcxxreact.a;
			remoteRef = 3DAD3EA81DF850E9000B6D8A /* PBXContainerItemProxy */;
			sourceTree = BUILT_PRODUCTS_DIR;
		};
		3DAD3EAB1DF850E9000B6D8A /* libcxxreact.a */ = {
			isa = PBXReferenceProxy;
			fileType = archive.ar;
			path = libcxxreact.a;
			remoteRef = 3DAD3EAA1DF850E9000B6D8A /* PBXContainerItemProxy */;
			sourceTree = BUILT_PRODUCTS_DIR;
		};
		3DAD3EAD1DF850E9000B6D8A /* libjschelpers.a */ = {
			isa = PBXReferenceProxy;
			fileType = archive.ar;
			path = libjschelpers.a;
			remoteRef = 3DAD3EAC1DF850E9000B6D8A /* PBXContainerItemProxy */;
			sourceTree = BUILT_PRODUCTS_DIR;
		};
		3DAD3EAF1DF850E9000B6D8A /* libjschelpers.a */ = {
			isa = PBXReferenceProxy;
			fileType = archive.ar;
			path = libjschelpers.a;
			remoteRef = 3DAD3EAE1DF850E9000B6D8A /* PBXContainerItemProxy */;
			sourceTree = BUILT_PRODUCTS_DIR;
		};
		5E9157331DD0AC6500FF2AA8 /* libRCTAnimation.a */ = {
			isa = PBXReferenceProxy;
			fileType = archive.ar;
			path = libRCTAnimation.a;
			remoteRef = 5E9157321DD0AC6500FF2AA8 /* PBXContainerItemProxy */;
			sourceTree = BUILT_PRODUCTS_DIR;
		};
		5E9157351DD0AC6500FF2AA8 /* libRCTAnimation.a */ = {
			isa = PBXReferenceProxy;
			fileType = archive.ar;
			path = libRCTAnimation.a;
			remoteRef = 5E9157341DD0AC6500FF2AA8 /* PBXContainerItemProxy */;
			sourceTree = BUILT_PRODUCTS_DIR;
		};
		78C398B91ACF4ADC00677621 /* libRCTLinking.a */ = {
			isa = PBXReferenceProxy;
			fileType = archive.ar;
			path = libRCTLinking.a;
			remoteRef = 78C398B81ACF4ADC00677621 /* PBXContainerItemProxy */;
			sourceTree = BUILT_PRODUCTS_DIR;
		};
		832341B51AAA6A8300B99B32 /* libRCTText.a */ = {
			isa = PBXReferenceProxy;
			fileType = archive.ar;
			path = libRCTText.a;
			remoteRef = 832341B41AAA6A8300B99B32 /* PBXContainerItemProxy */;
			sourceTree = BUILT_PRODUCTS_DIR;
		};
/* End PBXReferenceProxy section */

/* Begin PBXResourcesBuildPhase section */
		00E356EC1AD99517003FC87E /* Resources */ = {
			isa = PBXResourcesBuildPhase;
			buildActionMask = 2147483647;
			files = (
			);
			runOnlyForDeploymentPostprocessing = 0;
		};
		13B07F8E1A680F5B00A75B9A /* Resources */ = {
			isa = PBXResourcesBuildPhase;
			buildActionMask = 2147483647;
			files = (
				13B07FBF1A68108700A75B9A /* Images.xcassets in Resources */,
				8FC2E8F058584A3399B38507 /* Entypo.ttf in Resources */,
				BAEF55C9E8D64E6DB508B116 /* EvilIcons.ttf in Resources */,
				369117BC928447D68137CEB4 /* FontAwesome.ttf in Resources */,
				6238D4DA8E734B04B23CC09A /* Foundation.ttf in Resources */,
				1431BDB103A54EDAA96D6D15 /* Ionicons.ttf in Resources */,
				E49AD3E7220A4F529295C5A5 /* MaterialCommunityIcons.ttf in Resources */,
				A373FAC4DED24494B17FF3CC /* MaterialIcons.ttf in Resources */,
				3B1759443D714D51AC2E9B6D /* Octicons.ttf in Resources */,
				A80F91DED40E4E60AE0E8500 /* SimpleLineIcons.ttf in Resources */,
				0F32A82EDF1F4031ACE7654C /* Zocial.ttf in Resources */,
			);
			runOnlyForDeploymentPostprocessing = 0;
		};
		2D02E4791E0B4A5D006451C7 /* Resources */ = {
			isa = PBXResourcesBuildPhase;
			buildActionMask = 2147483647;
			files = (
				2D02E4BD1E0B4A84006451C7 /* Images.xcassets in Resources */,
			);
			runOnlyForDeploymentPostprocessing = 0;
		};
		2D02E48E1E0B4A5D006451C7 /* Resources */ = {
			isa = PBXResourcesBuildPhase;
			buildActionMask = 2147483647;
			files = (
			);
			runOnlyForDeploymentPostprocessing = 0;
		};
/* End PBXResourcesBuildPhase section */

/* Begin PBXShellScriptBuildPhase section */
		00DD1BFF1BD5951E006B06BC /* Bundle React Native code and images */ = {
			isa = PBXShellScriptBuildPhase;
			buildActionMask = 2147483647;
			files = (
			);
			inputPaths = (
			);
			name = "Bundle React Native code and images";
			outputPaths = (
			);
			runOnlyForDeploymentPostprocessing = 0;
			shellPath = /bin/sh;
			shellScript = "export NODE_BINARY=node\n../node_modules/react-native/scripts/react-native-xcode.sh";
		};
		2D02E4CB1E0B4B27006451C7 /* Bundle React Native Code And Images */ = {
			isa = PBXShellScriptBuildPhase;
			buildActionMask = 2147483647;
			files = (
			);
			inputPaths = (
			);
			name = "Bundle React Native Code And Images";
			outputPaths = (
			);
			runOnlyForDeploymentPostprocessing = 0;
			shellPath = /bin/sh;
			shellScript = "export NODE_BINARY=node\n../node_modules/react-native/scripts/react-native-xcode.sh";
		};
		3101B4221F48610D00D5B55F /* ShellScript */ = {
			isa = PBXShellScriptBuildPhase;
			buildActionMask = 2147483647;
			files = (
			);
			inputPaths = (
			);
			outputPaths = (
			);
			runOnlyForDeploymentPostprocessing = 0;
			shellPath = /bin/sh;
			shellScript = "bash \"${BUILT_PRODUCTS_DIR}/${FRAMEWORKS_FOLDER_PATH}/Mapbox.framework/strip-frameworks.sh\"\n";
		};
/* End PBXShellScriptBuildPhase section */

/* Begin PBXSourcesBuildPhase section */
		00E356EA1AD99517003FC87E /* Sources */ = {
			isa = PBXSourcesBuildPhase;
			buildActionMask = 2147483647;
			files = (
				00E356F31AD99517003FC87E /* stravelsTests.m in Sources */,
			);
			runOnlyForDeploymentPostprocessing = 0;
		};
		13B07F871A680F5B00A75B9A /* Sources */ = {
			isa = PBXSourcesBuildPhase;
			buildActionMask = 2147483647;
			files = (
				13B07FBC1A68108700A75B9A /* AppDelegate.m in Sources */,
				13B07FC11A68108700A75B9A /* main.m in Sources */,
			);
			runOnlyForDeploymentPostprocessing = 0;
		};
		2D02E4771E0B4A5D006451C7 /* Sources */ = {
			isa = PBXSourcesBuildPhase;
			buildActionMask = 2147483647;
			files = (
				2D02E4BF1E0B4AB3006451C7 /* main.m in Sources */,
				2D02E4BC1E0B4A80006451C7 /* AppDelegate.m in Sources */,
			);
			runOnlyForDeploymentPostprocessing = 0;
		};
		2D02E48C1E0B4A5D006451C7 /* Sources */ = {
			isa = PBXSourcesBuildPhase;
			buildActionMask = 2147483647;
			files = (
				2DCD954D1E0B4F2C00145EB5 /* stravelsTests.m in Sources */,
			);
			runOnlyForDeploymentPostprocessing = 0;
		};
/* End PBXSourcesBuildPhase section */

/* Begin PBXTargetDependency section */
		00E356F51AD99517003FC87E /* PBXTargetDependency */ = {
			isa = PBXTargetDependency;
			target = 13B07F861A680F5B00A75B9A /* stravels */;
			targetProxy = 00E356F41AD99517003FC87E /* PBXContainerItemProxy */;
		};
		2D02E4921E0B4A5D006451C7 /* PBXTargetDependency */ = {
			isa = PBXTargetDependency;
			target = 2D02E47A1E0B4A5D006451C7 /* stravels-tvOS */;
			targetProxy = 2D02E4911E0B4A5D006451C7 /* PBXContainerItemProxy */;
		};
/* End PBXTargetDependency section */

/* Begin XCBuildConfiguration section */
		00E356F61AD99517003FC87E /* Debug */ = {
			isa = XCBuildConfiguration;
			buildSettings = {
				BUNDLE_LOADER = "$(TEST_HOST)";
				GCC_PREPROCESSOR_DEFINITIONS = (
					"DEBUG=1",
					"$(inherited)",
				);
				HEADER_SEARCH_PATHS = (
					"$(inherited)",
					"$(SRCROOT)/../node_modules/react-native-device-info/RNDeviceInfo",
					"$(SRCROOT)/../node_modules/react-native-vector-icons/RNVectorIconsManager",
					"$(SRCROOT)/../node_modules/react-native-i18n/RNI18n",
					"$(SRCROOT)/../node_modules/react-native-config/ios/ReactNativeConfig",
					"$(SRCROOT)/../node_modules/react-native-mapbox-gl/ios/**",
				);
				INFOPLIST_FILE = stravelsTests/Info.plist;
				IPHONEOS_DEPLOYMENT_TARGET = 8.0;
				LD_RUNPATH_SEARCH_PATHS = "$(inherited) @executable_path/Frameworks @loader_path/Frameworks";
				LIBRARY_SEARCH_PATHS = (
					"$(inherited)",
					"\"$(SRCROOT)/$(TARGET_NAME)\"",
					"\"$(SRCROOT)/$(TARGET_NAME)\"",
				);
				OTHER_LDFLAGS = (
					"-ObjC",
					"-lc++",
				);
				PRODUCT_NAME = "$(TARGET_NAME)";
				TEST_HOST = "$(BUILT_PRODUCTS_DIR)/stravels.app/stravels";
			};
			name = Debug;
		};
		00E356F71AD99517003FC87E /* Release */ = {
			isa = XCBuildConfiguration;
			buildSettings = {
				BUNDLE_LOADER = "$(TEST_HOST)";
				COPY_PHASE_STRIP = NO;
				HEADER_SEARCH_PATHS = (
					"$(inherited)",
					"$(SRCROOT)/../node_modules/react-native-device-info/RNDeviceInfo",
					"$(SRCROOT)/../node_modules/react-native-vector-icons/RNVectorIconsManager",
					"$(SRCROOT)/../node_modules/react-native-i18n/RNI18n",
					"$(SRCROOT)/../node_modules/react-native-config/ios/ReactNativeConfig",
					"$(SRCROOT)/../node_modules/react-native-mapbox-gl/ios/**",
				);
				INFOPLIST_FILE = stravelsTests/Info.plist;
				IPHONEOS_DEPLOYMENT_TARGET = 8.0;
				LD_RUNPATH_SEARCH_PATHS = "$(inherited) @executable_path/Frameworks @loader_path/Frameworks";
				LIBRARY_SEARCH_PATHS = (
					"$(inherited)",
					"\"$(SRCROOT)/$(TARGET_NAME)\"",
					"\"$(SRCROOT)/$(TARGET_NAME)\"",
				);
				OTHER_LDFLAGS = (
					"-ObjC",
					"-lc++",
				);
				PRODUCT_NAME = "$(TARGET_NAME)";
				TEST_HOST = "$(BUILT_PRODUCTS_DIR)/stravels.app/stravels";
			};
			name = Release;
		};
		13B07F941A680F5B00A75B9A /* Debug */ = {
			isa = XCBuildConfiguration;
			buildSettings = {
				ASSETCATALOG_COMPILER_APPICON_NAME = AppIcon;
				ASSETCATALOG_COMPILER_LAUNCHIMAGE_NAME = LaunchImage;
				"CODE_SIGN_IDENTITY[sdk=iphoneos*]" = "iPhone Distribution";
				CURRENT_PROJECT_VERSION = 1;
				DEAD_CODE_STRIPPING = NO;
				DEVELOPMENT_TEAM = X49YZV6B76;
				FRAMEWORK_SEARCH_PATHS = (
					"$(inherited)",
					"$(PROJECT_DIR)",
				);
				HEADER_SEARCH_PATHS = (
					"$(inherited)",
					"$(SRCROOT)/../node_modules/react-native-device-info/RNDeviceInfo",
					"$(SRCROOT)/../node_modules/react-native-vector-icons/RNVectorIconsManager",
					"$(SRCROOT)/../node_modules/react-native-i18n/RNI18n",
					"$(SRCROOT)/../node_modules/react-native-config/ios/ReactNativeConfig",
					"$(SRCROOT)/../node_modules/react-native-mapbox-gl/ios/**",
				);
				INFOPLIST_FILE = stravels/Info.plist;
				LD_RUNPATH_SEARCH_PATHS = "$(inherited) @executable_path/Frameworks";
				OTHER_LDFLAGS = (
					"$(inherited)",
					"-ObjC",
					"-lc++",
				);
				PRODUCT_BUNDLE_IDENTIFIER = io.stravels.ios;
				PRODUCT_NAME = stravels;
				PROVISIONING_PROFILE = "a7fba56e-264b-450c-ae30-0245e024598b";
				PROVISIONING_PROFILE_SPECIFIER = "Stravels - Distribution";
				TARGETED_DEVICE_FAMILY = 1;
				VERSIONING_SYSTEM = "apple-generic";
			};
			name = Debug;
		};
		13B07F951A680F5B00A75B9A /* Release */ = {
			isa = XCBuildConfiguration;
			buildSettings = {
				ASSETCATALOG_COMPILER_APPICON_NAME = AppIcon;
				ASSETCATALOG_COMPILER_LAUNCHIMAGE_NAME = LaunchImage;
				"CODE_SIGN_IDENTITY[sdk=iphoneos*]" = "iPhone Distribution";
				CURRENT_PROJECT_VERSION = 1;
				DEVELOPMENT_TEAM = X49YZV6B76;
				FRAMEWORK_SEARCH_PATHS = (
					"$(inherited)",
					"$(PROJECT_DIR)",
				);
				HEADER_SEARCH_PATHS = (
					"$(inherited)",
					"$(SRCROOT)/../node_modules/react-native-device-info/RNDeviceInfo",
					"$(SRCROOT)/../node_modules/react-native-vector-icons/RNVectorIconsManager",
					"$(SRCROOT)/../node_modules/react-native-i18n/RNI18n",
					"$(SRCROOT)/../node_modules/react-native-config/ios/ReactNativeConfig",
					"$(SRCROOT)/../node_modules/react-native-mapbox-gl/ios/**",
				);
				INFOPLIST_FILE = stravels/Info.plist;
				LD_RUNPATH_SEARCH_PATHS = "$(inherited) @executable_path/Frameworks";
				OTHER_LDFLAGS = (
					"$(inherited)",
					"-ObjC",
					"-lc++",
				);
				PRODUCT_BUNDLE_IDENTIFIER = io.stravels.ios;
				PRODUCT_NAME = stravels;
				PROVISIONING_PROFILE = "a7fba56e-264b-450c-ae30-0245e024598b";
				PROVISIONING_PROFILE_SPECIFIER = "Stravels - Distribution";
				TARGETED_DEVICE_FAMILY = 1;
				VERSIONING_SYSTEM = "apple-generic";
			};
			name = Release;
		};
		2D02E4971E0B4A5E006451C7 /* Debug */ = {
			isa = XCBuildConfiguration;
			buildSettings = {
				ASSETCATALOG_COMPILER_APPICON_NAME = "App Icon & Top Shelf Image";
				ASSETCATALOG_COMPILER_LAUNCHIMAGE_NAME = LaunchImage;
				CLANG_ANALYZER_NONNULL = YES;
				CLANG_WARN_DOCUMENTATION_COMMENTS = YES;
				CLANG_WARN_INFINITE_RECURSION = YES;
				CLANG_WARN_SUSPICIOUS_MOVE = YES;
				DEBUG_INFORMATION_FORMAT = dwarf;
				ENABLE_TESTABILITY = YES;
				GCC_NO_COMMON_BLOCKS = YES;
				HEADER_SEARCH_PATHS = (
					"$(inherited)",
					"$(SRCROOT)/../node_modules/react-native-device-info/RNDeviceInfo",
					"$(SRCROOT)/../node_modules/react-native-vector-icons/RNVectorIconsManager",
					"$(SRCROOT)/../node_modules/react-native-i18n/RNI18n",
					"$(SRCROOT)/../node_modules/react-native-config/ios/ReactNativeConfig",
					"$(SRCROOT)/../node_modules/react-native-mapbox-gl/ios/**",
				);
				INFOPLIST_FILE = "stravels-tvOS/Info.plist";
				LD_RUNPATH_SEARCH_PATHS = "$(inherited) @executable_path/Frameworks";
				LIBRARY_SEARCH_PATHS = (
					"$(inherited)",
					"\"$(SRCROOT)/$(TARGET_NAME)\"",
					"\"$(SRCROOT)/$(TARGET_NAME)\"",
				);
				OTHER_LDFLAGS = (
					"-ObjC",
					"-lc++",
				);
				PRODUCT_BUNDLE_IDENTIFIER = "com.facebook.REACT.stravels-tvOS";
				PRODUCT_NAME = "$(TARGET_NAME)";
				SDKROOT = appletvos;
				TARGETED_DEVICE_FAMILY = 3;
				TVOS_DEPLOYMENT_TARGET = 9.2;
			};
			name = Debug;
		};
		2D02E4981E0B4A5E006451C7 /* Release */ = {
			isa = XCBuildConfiguration;
			buildSettings = {
				ASSETCATALOG_COMPILER_APPICON_NAME = "App Icon & Top Shelf Image";
				ASSETCATALOG_COMPILER_LAUNCHIMAGE_NAME = LaunchImage;
				CLANG_ANALYZER_NONNULL = YES;
				CLANG_WARN_DOCUMENTATION_COMMENTS = YES;
				CLANG_WARN_INFINITE_RECURSION = YES;
				CLANG_WARN_SUSPICIOUS_MOVE = YES;
				COPY_PHASE_STRIP = NO;
				DEBUG_INFORMATION_FORMAT = "dwarf-with-dsym";
				GCC_NO_COMMON_BLOCKS = YES;
				HEADER_SEARCH_PATHS = (
					"$(inherited)",
					"$(SRCROOT)/../node_modules/react-native-device-info/RNDeviceInfo",
					"$(SRCROOT)/../node_modules/react-native-vector-icons/RNVectorIconsManager",
					"$(SRCROOT)/../node_modules/react-native-i18n/RNI18n",
					"$(SRCROOT)/../node_modules/react-native-config/ios/ReactNativeConfig",
					"$(SRCROOT)/../node_modules/react-native-mapbox-gl/ios/**",
				);
				INFOPLIST_FILE = "stravels-tvOS/Info.plist";
				LD_RUNPATH_SEARCH_PATHS = "$(inherited) @executable_path/Frameworks";
				LIBRARY_SEARCH_PATHS = (
					"$(inherited)",
					"\"$(SRCROOT)/$(TARGET_NAME)\"",
					"\"$(SRCROOT)/$(TARGET_NAME)\"",
				);
				OTHER_LDFLAGS = (
					"-ObjC",
					"-lc++",
				);
				PRODUCT_BUNDLE_IDENTIFIER = "com.facebook.REACT.stravels-tvOS";
				PRODUCT_NAME = "$(TARGET_NAME)";
				SDKROOT = appletvos;
				TARGETED_DEVICE_FAMILY = 3;
				TVOS_DEPLOYMENT_TARGET = 9.2;
			};
			name = Release;
		};
		2D02E4991E0B4A5E006451C7 /* Debug */ = {
			isa = XCBuildConfiguration;
			buildSettings = {
				BUNDLE_LOADER = "$(TEST_HOST)";
				CLANG_ANALYZER_NONNULL = YES;
				CLANG_WARN_DOCUMENTATION_COMMENTS = YES;
				CLANG_WARN_INFINITE_RECURSION = YES;
				CLANG_WARN_SUSPICIOUS_MOVE = YES;
				DEBUG_INFORMATION_FORMAT = dwarf;
				ENABLE_TESTABILITY = YES;
				GCC_NO_COMMON_BLOCKS = YES;
				INFOPLIST_FILE = "stravels-tvOSTests/Info.plist";
				LD_RUNPATH_SEARCH_PATHS = "$(inherited) @executable_path/Frameworks @loader_path/Frameworks";
				LIBRARY_SEARCH_PATHS = (
					"$(inherited)",
					"\"$(SRCROOT)/$(TARGET_NAME)\"",
					"\"$(SRCROOT)/$(TARGET_NAME)\"",
				);
				PRODUCT_BUNDLE_IDENTIFIER = "com.facebook.REACT.stravels-tvOSTests";
				PRODUCT_NAME = "$(TARGET_NAME)";
				SDKROOT = appletvos;
				TEST_HOST = "$(BUILT_PRODUCTS_DIR)/stravels-tvOS.app/stravels-tvOS";
				TVOS_DEPLOYMENT_TARGET = 10.1;
			};
			name = Debug;
		};
		2D02E49A1E0B4A5E006451C7 /* Release */ = {
			isa = XCBuildConfiguration;
			buildSettings = {
				BUNDLE_LOADER = "$(TEST_HOST)";
				CLANG_ANALYZER_NONNULL = YES;
				CLANG_WARN_DOCUMENTATION_COMMENTS = YES;
				CLANG_WARN_INFINITE_RECURSION = YES;
				CLANG_WARN_SUSPICIOUS_MOVE = YES;
				COPY_PHASE_STRIP = NO;
				DEBUG_INFORMATION_FORMAT = "dwarf-with-dsym";
				GCC_NO_COMMON_BLOCKS = YES;
				INFOPLIST_FILE = "stravels-tvOSTests/Info.plist";
				LD_RUNPATH_SEARCH_PATHS = "$(inherited) @executable_path/Frameworks @loader_path/Frameworks";
				LIBRARY_SEARCH_PATHS = (
					"$(inherited)",
					"\"$(SRCROOT)/$(TARGET_NAME)\"",
					"\"$(SRCROOT)/$(TARGET_NAME)\"",
				);
				PRODUCT_BUNDLE_IDENTIFIER = "com.facebook.REACT.stravels-tvOSTests";
				PRODUCT_NAME = "$(TARGET_NAME)";
				SDKROOT = appletvos;
				TEST_HOST = "$(BUILT_PRODUCTS_DIR)/stravels-tvOS.app/stravels-tvOS";
				TVOS_DEPLOYMENT_TARGET = 10.1;
			};
			name = Release;
		};
		83CBBA201A601CBA00E9B192 /* Debug */ = {
			isa = XCBuildConfiguration;
			buildSettings = {
				ALWAYS_SEARCH_USER_PATHS = NO;
				CLANG_CXX_LANGUAGE_STANDARD = "gnu++0x";
				CLANG_CXX_LIBRARY = "libc++";
				CLANG_ENABLE_MODULES = YES;
				CLANG_ENABLE_OBJC_ARC = YES;
				CLANG_WARN_BOOL_CONVERSION = YES;
				CLANG_WARN_CONSTANT_CONVERSION = YES;
				CLANG_WARN_DIRECT_OBJC_ISA_USAGE = YES_ERROR;
				CLANG_WARN_EMPTY_BODY = YES;
				CLANG_WARN_ENUM_CONVERSION = YES;
				CLANG_WARN_INT_CONVERSION = YES;
				CLANG_WARN_OBJC_ROOT_CLASS = YES_ERROR;
				CLANG_WARN_UNREACHABLE_CODE = YES;
				CLANG_WARN__DUPLICATE_METHOD_MATCH = YES;
				"CODE_SIGN_IDENTITY[sdk=iphoneos*]" = "iPhone Developer";
				COPY_PHASE_STRIP = NO;
				ENABLE_STRICT_OBJC_MSGSEND = YES;
				GCC_C_LANGUAGE_STANDARD = gnu99;
				GCC_DYNAMIC_NO_PIC = NO;
				GCC_OPTIMIZATION_LEVEL = 0;
				GCC_PREPROCESSOR_DEFINITIONS = (
					"DEBUG=1",
					"$(inherited)",
				);
				GCC_SYMBOLS_PRIVATE_EXTERN = NO;
				GCC_WARN_64_TO_32_BIT_CONVERSION = YES;
				GCC_WARN_ABOUT_RETURN_TYPE = YES_ERROR;
				GCC_WARN_UNDECLARED_SELECTOR = YES;
				GCC_WARN_UNINITIALIZED_AUTOS = YES_AGGRESSIVE;
				GCC_WARN_UNUSED_FUNCTION = YES;
				GCC_WARN_UNUSED_VARIABLE = YES;
				IPHONEOS_DEPLOYMENT_TARGET = 8.0;
				MTL_ENABLE_DEBUG_INFO = YES;
				ONLY_ACTIVE_ARCH = YES;
				SDKROOT = iphoneos;
			};
			name = Debug;
		};
		83CBBA211A601CBA00E9B192 /* Release */ = {
			isa = XCBuildConfiguration;
			buildSettings = {
				ALWAYS_SEARCH_USER_PATHS = NO;
				CLANG_CXX_LANGUAGE_STANDARD = "gnu++0x";
				CLANG_CXX_LIBRARY = "libc++";
				CLANG_ENABLE_MODULES = YES;
				CLANG_ENABLE_OBJC_ARC = YES;
				CLANG_WARN_BOOL_CONVERSION = YES;
				CLANG_WARN_CONSTANT_CONVERSION = YES;
				CLANG_WARN_DIRECT_OBJC_ISA_USAGE = YES_ERROR;
				CLANG_WARN_EMPTY_BODY = YES;
				CLANG_WARN_ENUM_CONVERSION = YES;
				CLANG_WARN_INT_CONVERSION = YES;
				CLANG_WARN_OBJC_ROOT_CLASS = YES_ERROR;
				CLANG_WARN_UNREACHABLE_CODE = YES;
				CLANG_WARN__DUPLICATE_METHOD_MATCH = YES;
				"CODE_SIGN_IDENTITY[sdk=iphoneos*]" = "iPhone Developer";
				COPY_PHASE_STRIP = YES;
				ENABLE_NS_ASSERTIONS = NO;
				ENABLE_STRICT_OBJC_MSGSEND = YES;
				GCC_C_LANGUAGE_STANDARD = gnu99;
				GCC_WARN_64_TO_32_BIT_CONVERSION = YES;
				GCC_WARN_ABOUT_RETURN_TYPE = YES_ERROR;
				GCC_WARN_UNDECLARED_SELECTOR = YES;
				GCC_WARN_UNINITIALIZED_AUTOS = YES_AGGRESSIVE;
				GCC_WARN_UNUSED_FUNCTION = YES;
				GCC_WARN_UNUSED_VARIABLE = YES;
				IPHONEOS_DEPLOYMENT_TARGET = 8.0;
				MTL_ENABLE_DEBUG_INFO = NO;
				SDKROOT = iphoneos;
				VALIDATE_PRODUCT = YES;
			};
			name = Release;
		};
/* End XCBuildConfiguration section */

/* Begin XCConfigurationList section */
		00E357021AD99517003FC87E /* Build configuration list for PBXNativeTarget "stravelsTests" */ = {
			isa = XCConfigurationList;
			buildConfigurations = (
				00E356F61AD99517003FC87E /* Debug */,
				00E356F71AD99517003FC87E /* Release */,
			);
			defaultConfigurationIsVisible = 0;
			defaultConfigurationName = Release;
		};
		13B07F931A680F5B00A75B9A /* Build configuration list for PBXNativeTarget "stravels" */ = {
			isa = XCConfigurationList;
			buildConfigurations = (
				13B07F941A680F5B00A75B9A /* Debug */,
				13B07F951A680F5B00A75B9A /* Release */,
			);
			defaultConfigurationIsVisible = 0;
			defaultConfigurationName = Release;
		};
		2D02E4BA1E0B4A5E006451C7 /* Build configuration list for PBXNativeTarget "stravels-tvOS" */ = {
			isa = XCConfigurationList;
			buildConfigurations = (
				2D02E4971E0B4A5E006451C7 /* Debug */,
				2D02E4981E0B4A5E006451C7 /* Release */,
			);
			defaultConfigurationIsVisible = 0;
			defaultConfigurationName = Release;
		};
		2D02E4BB1E0B4A5E006451C7 /* Build configuration list for PBXNativeTarget "stravels-tvOSTests" */ = {
			isa = XCConfigurationList;
			buildConfigurations = (
				2D02E4991E0B4A5E006451C7 /* Debug */,
				2D02E49A1E0B4A5E006451C7 /* Release */,
			);
			defaultConfigurationIsVisible = 0;
			defaultConfigurationName = Release;
		};
		83CBB9FA1A601CBA00E9B192 /* Build configuration list for PBXProject "stravels" */ = {
			isa = XCConfigurationList;
			buildConfigurations = (
				83CBBA201A601CBA00E9B192 /* Debug */,
				83CBBA211A601CBA00E9B192 /* Release */,
			);
			defaultConfigurationIsVisible = 0;
			defaultConfigurationName = Release;
		};
/* End XCConfigurationList section */
	};
	rootObject = 83CBB9F71A601CBA00E9B192 /* Project object */;
}
